<?xml version="1.0" encoding="utf-8"?>
<Project ToolsVersion="4.0" xmlns="http://schemas.microsoft.com/developer/msbuild/2003">
  <ItemGroup>
    <Filter Include="Resource Files">
      <UniqueIdentifier>{67DA6AB6-F800-4c08-8B7A-83BB121AAD01}</UniqueIdentifier>
      <Extensions>rc;ico;cur;bmp;dlg;rc2;rct;bin;rgs;gif;jpg;jpeg;jpe;resx;tiff;tif;png;wav;mfcribbon-ms</Extensions>
    </Filter>
    <Filter Include="Day01">
      <Filter>{d0c18793-4503-4141-b3b9-4d8bcfea5b72}</Filter>
    </Filter>
    <Filter Include="Day02">
      <Filter>{5da4bfe3-1e20-4c02-adff-a808132e944a}</Filter>
    </Filter>
    <Filter Include="Day03">
      <Filter>{e1050a69-da3e-4a76-b2ff-7284b3a28c8c}</Filter>
    </Filter>
    <Filter Include="Day04">
      <Filter>{4549e4ce-e4b5-42b1-9a13-fef181b19b05}</Filter>
    </Filter>
    <Filter Include="Day05">
      <Filter>{ee4dfd2f-d361-4e70-a782-50eabf0630b2}</Filter>
    </Filter>
    <Filter Include="Day06">
      <Filter>{ce09f71f-9469-4422-a923-99a214bbd8a4}</Filter>
    </Filter>
    <Filter Include="Day07">
      <Filter>{cf7cef0f-a6b5-4643-aba6-390dbfd0a6c9}</Filter>
    </Filter>
    <Filter Include="Day08">
      <Filter>{4d080cc1-a5f2-4fea-bc5c-4385302b2dd5}</Filter>
    </Filter>
    <Filter Include="Day09">
      <Filter>{aba91534-a22d-4f0a-88ce-059a660b8863}</Filter>
    </Filter>
    <Filter Include="Day10">
      <Filter>{1cf99f1c-2e63-493f-8ac2-13fd2ede7ead}</Filter>
    </Filter>
    <Filter Include="Day11">
      <Filter>{9fc7a906-4bef-4949-87cf-e59c9b1c39ca}</Filter>
    </Filter>
    <Filter Include="Day12">
      <Filter>{c3f017f8-bdfa-4359-8ebe-94059b6c649d}</Filter>
    </Filter>
    <Filter Include="Day13">
      <Filter>{71a96aef-caca-4fde-b2d2-117dad7b3ab1}</Filter>
    </Filter>
    <Filter Include="Shared">
      <UniqueIdentifier>{037e1c4f-59a9-4182-9ff3-d7291a339c71}</UniqueIdentifier>
    </Filter>
    <Filter Include="Day14">
      <Filter>{67cd42dc-7907-498f-a71b-d8edc9b2e4ef}</Filter>
    </Filter>
    <Filter Include="Day15">
      <Filter>{1f1220bb-8f24-4a0f-af3d-26b1cabd17b7}</Filter>
    </Filter>
    <Filter Include="Day16">
      <Filter>{98820602-78f2-449b-888d-a22a13929b38}</Filter>
    </Filter>
    <Filter Include="Day17">
      <Filter>{fa33d2f3-4743-47a6-bfc6-1b0a2abf97e3}</Filter>
    </Filter>
    <Filter Include="Day18">
      <Filter>{7183f0f4-33cb-4242-8340-1c9e5d75cbd2}</Filter>
    </Filter>
  </ItemGroup>
  <ItemGroup>
    <ClInclude Include="Solutions2017.h" />
    <ClInclude Include="Day01\Day01_InverseCaptcha.h">
      <Filter>Day01</Filter>
    </ClInclude>
    <ClInclude Include="Day02\Day02_CorruptionChecksum.h">
      <Filter>Day02</Filter>
    </ClInclude>
    <ClInclude Include="Day02\SpreadsheetProcessor.h">
      <Filter>Day02</Filter>
    </ClInclude>
    <ClInclude Include="Day03\Day03_SpiralMemory.h">
      <Filter>Day03</Filter>
    </ClInclude>
    <ClInclude Include="Day04\Day04_HighEntropyPassphrases.h">
      <Filter>Day04</Filter>
    </ClInclude>
    <ClInclude Include="Day04\PassphraseProcessor.h">
      <Filter>Day04</Filter>
    </ClInclude>
    <ClInclude Include="Day05\Day05_AMazeOfTwistyTrampolinesAllAlike.h">
      <Filter>Day05</Filter>
    </ClInclude>
    <ClInclude Include="Day06\Day06_MemoryReallocation.h">
      <Filter>Day06</Filter>
    </ClInclude>
    <ClInclude Include="Day07\Day07_RecursiveCircus.h">
      <Filter>Day07</Filter>
    </ClInclude>
    <ClInclude Include="Day07\TowerProgram.h">
      <Filter>Day07</Filter>
    </ClInclude>
    <ClInclude Include="Day07\TowerProgramProcessor.h">
      <Filter>Day07</Filter>
    </ClInclude>
    <ClInclude Include="Day08\Day08_IHeardYouLikeRegisters.h">
      <Filter>Day08</Filter>
    </ClInclude>
    <ClInclude Include="Day08\RegisterInstruction.h">
      <Filter>Day08</Filter>
    </ClInclude>
    <ClInclude Include="Day08\RegisterInstructionProcessor.h">
      <Filter>Day08</Filter>
    </ClInclude>
    <ClInclude Include="Day09\Day09_StreamProcessing.h">
      <Filter>Day09</Filter>
    </ClInclude>
    <ClInclude Include="Day10\Day10_KnotHash.h">
      <Filter>Day10</Filter>
    </ClInclude>
    <ClInclude Include="Day11\Day11_HexEd.h">
      <Filter>Day11</Filter>
    </ClInclude>
    <ClInclude Include="Day11\HexGridProcessor.h">
      <Filter>Day11</Filter>
    </ClInclude>
    <ClInclude Include="Day12\Day12_DigitalPlumber.h">
      <Filter>Day12</Filter>
    </ClInclude>
    <ClInclude Include="Day12\Pipe.h">
      <Filter>Day12</Filter>
    </ClInclude>
    <ClInclude Include="Day12\PipeProcessor.h">
      <Filter>Day12</Filter>
    </ClInclude>
    <ClInclude Include="Day13\Day13_PacketScanners.h">
      <Filter>Day13</Filter>
    </ClInclude>
    <ClInclude Include="Day13\FirewallLayer.h">
      <Filter>Day13</Filter>
    </ClInclude>
    <ClInclude Include="Day13\FirewallProcessor.h">
      <Filter>Day13</Filter>
    </ClInclude>
    <ClInclude Include="Shared\KnotHashCalculator.h">
      <Filter>Shared</Filter>
    </ClInclude>
    <ClInclude Include="Day14\Day14_DiskDefragmentation.h">
      <Filter>Day14</Filter>
    </ClInclude>
    <ClInclude Include="Day15\Day15_DuelingGenerators.h">
      <Filter>Day15</Filter>
    </ClInclude>
    <ClInclude Include="Day16\Day16_PermutationPromenade.h">
      <Filter>Day16</Filter>
    </ClInclude>
    <ClInclude Include="Day16\DanceMove.h">
      <Filter>Day16</Filter>
    </ClInclude>
    <ClInclude Include="Day16\DanceMoveProcessor.h">
      <Filter>Day16</Filter>
    </ClInclude>
    <ClInclude Include="Day17\Day17_Spinlock.h">
      <Filter>Day17</Filter>
    </ClInclude>
    <ClInclude Include="Day18\Day18_Duet.h">
      <Filter>Day18</Filter>
    </ClInclude>
    <ClInclude Include="Day18\SoundInstruction.h">
      <Filter>Day18</Filter>
    </ClInclude>
    <ClInclude Include="Day18\SoundInstructionsProcessor.h">
      <Filter>Day18</Filter>
    </ClInclude>
  </ItemGroup>
  <ItemGroup>
    <ClCompile Include="Day01\Day01_InverseCaptcha.cpp">
      <Filter>Day01</Filter>
    </ClCompile>
    <ClCompile Include="Day02\Day02_CorruptionChecksum.cpp">
      <Filter>Day02</Filter>
    </ClCompile>
    <ClCompile Include="Day02\SpreadsheetProcessor.cpp">
      <Filter>Day02</Filter>
    </ClCompile>
    <ClCompile Include="Day03\Day03_SpiralMemory.cpp">
      <Filter>Day03</Filter>
    </ClCompile>
    <ClCompile Include="Day04\Day04_HighEntropyPassphrases.cpp">
      <Filter>Day04</Filter>
    </ClCompile>
    <ClCompile Include="Day04\PassphraseProcessor.cpp">
      <Filter>Day04</Filter>
    </ClCompile>
    <ClCompile Include="Day05\Day05_AMazeOfTwistyTrampolinesAllAlike.cpp">
      <Filter>Day05</Filter>
    </ClCompile>
    <ClCompile Include="Day06\Day06_MemoryReallocation.cpp">
      <Filter>Day06</Filter>
    </ClCompile>
    <ClCompile Include="Day07\Day07_RecursiveCircus.cpp">
      <Filter>Day07</Filter>
    </ClCompile>
    <ClCompile Include="Day07\TowerProgramProcessor.cpp">
      <Filter>Day07</Filter>
    </ClCompile>
    <ClCompile Include="Day08\Day08_IHeardYouLikeRegisters.cpp">
      <Filter>Day08</Filter>
    </ClCompile>
    <ClCompile Include="Day08\RegisterInstructionProcessor.cpp">
      <Filter>Day08</Filter>
    </ClCompile>
    <ClCompile Include="Day09\Day09_StreamProcessing.cpp">
      <Filter>Day09</Filter>
    </ClCompile>
    <ClCompile Include="Day10\Day10_KnotHash.cpp">
      <Filter>Day10</Filter>
    </ClCompile>
    <ClCompile Include="Day11\Day11_HexEd.cpp">
      <Filter>Day11</Filter>
    </ClCompile>
    <ClCompile Include="Day11\HexGridProcessor.cpp">
      <Filter>Day11</Filter>
    </ClCompile>
    <ClCompile Include="Day12\Day12_DigitalPlumber.cpp">
      <Filter>Day12</Filter>
    </ClCompile>
    <ClCompile Include="Day12\PipeProcessor.cpp">
      <Filter>Day12</Filter>
    </ClCompile>
    <ClCompile Include="Day13\Day13_PacketScanners.cpp">
      <Filter>Day13</Filter>
    </ClCompile>
    <ClCompile Include="Day13\FirewallProcessor.cpp">
      <Filter>Day13</Filter>
    </ClCompile>
    <ClCompile Include="Day14\Day14_DiskDefragmentation.cpp">
      <Filter>Day14</Filter>
    </ClCompile>
    <ClCompile Include="Shared\KnotHashCalculator.cpp">
      <Filter>Shared</Filter>
    </ClCompile>
    <ClCompile Include="Day15\Day15_DuelingGenerators.cpp">
      <Filter>Day15</Filter>
    </ClCompile>
    <ClCompile Include="Day16\Day16_PermutationPromenade.cpp">
      <Filter>Day16</Filter>
    </ClCompile>
    <ClCompile Include="Day16\DanceMoveProcessor.cpp">
      <Filter>Day16</Filter>
    </ClCompile>
    <ClCompile Include="Day17\Day17_Spinlock.cpp">
      <Filter>Day17</Filter>
    </ClCompile>
    <ClCompile Include="Day18\Day18_Duet.cpp">
      <Filter>Day18</Filter>
    </ClCompile>
    <ClCompile Include="Day18\SoundInstructionsProcessor.cpp">
      <Filter>Day18</Filter>
    </ClCompile>
  </ItemGroup>
</Project>