<?xml version="1.0" encoding="utf-8"?>
<Project ToolsVersion="4.0" xmlns="http://schemas.microsoft.com/developer/msbuild/2003">
  <ItemGroup>
    <Filter Include="Resource Files">
      <UniqueIdentifier>{67DA6AB6-F800-4c08-8B7A-83BB121AAD01}</UniqueIdentifier>
      <Extensions>rc;ico;cur;bmp;dlg;rc2;rct;bin;rgs;gif;jpg;jpeg;jpe;resx;tiff;tif;png;wav;mfcribbon-ms</Extensions>
    </Filter>
    <Filter Include="Day01">
      <UniqueIdentifier>{359a3bc2-e7f2-42ba-92ee-90482a1b1064}</UniqueIdentifier>
    </Filter>
    <Filter Include="Day02">
      <UniqueIdentifier>{45527035-96c3-43d2-8d0e-166a9eac478e}</UniqueIdentifier>
    </Filter>
    <Filter Include="Day03">
      <UniqueIdentifier>{8de5aa3b-8848-4cb9-9996-5f9d1e80504a}</UniqueIdentifier>
    </Filter>
    <Filter Include="Day04">
      <UniqueIdentifier>{48c243e0-cbee-46ed-a4be-d93409da8834}</UniqueIdentifier>
    </Filter>
    <Filter Include="Day05">
      <UniqueIdentifier>{d74aa921-07ed-4288-b107-d86665bdeddc}</UniqueIdentifier>
    </Filter>
    <Filter Include="Day07">
      <UniqueIdentifier>{6adaeafd-7291-4ae6-a17a-62497518cca2}</UniqueIdentifier>
    </Filter>
    <Filter Include="Day08">
      <UniqueIdentifier>{5893d30b-a65a-4f34-b167-754f81f413b0}</UniqueIdentifier>
    </Filter>
    <Filter Include="Day09">
      <UniqueIdentifier>{b8e9a084-f139-407d-86fd-95d7147dedd0}</UniqueIdentifier>
    </Filter>
    <Filter Include="Day11">
      <UniqueIdentifier>{78d6c7a5-4d1b-4e72-9453-6cdf6f191ce5}</UniqueIdentifier>
    </Filter>
    <Filter Include="Day13">
      <UniqueIdentifier>{57897af1-d780-4a5b-8175-d440fca5a84b}</UniqueIdentifier>
    </Filter>
    <Filter Include="Day12">
      <UniqueIdentifier>{393c9f3c-a05e-4493-8e24-d2135aade346}</UniqueIdentifier>
    </Filter>
    <Filter Include="Day10">
      <UniqueIdentifier>{52dbd1c1-3826-4f94-a142-3c27590f2fb0}</UniqueIdentifier>
    </Filter>
    <Filter Include="Day14">
      <UniqueIdentifier>{a32655bd-fac0-49a0-95d1-6979b4af9ebb}</UniqueIdentifier>
    </Filter>
    <Filter Include="Day16">
      <UniqueIdentifier>{c8ad3328-5298-4c91-aacd-93c3882cd876}</UniqueIdentifier>
    </Filter>
    <Filter Include="Day23">
      <UniqueIdentifier>{b5d1ae96-07f8-4c4b-94e6-9ec13795d0ad}</UniqueIdentifier>
    </Filter>
    <Filter Include="Day24">
      <UniqueIdentifier>{969924f7-3168-4f3a-8ea4-90b2d8c7f665}</UniqueIdentifier>
    </Filter>
    <Filter Include="Day25">
      <UniqueIdentifier>{f3a710be-00ff-4750-9a84-bb15cab89827}</UniqueIdentifier>
    </Filter>
    <Filter Include="Day18">
      <UniqueIdentifier>{90f37973-91cc-4303-bdab-3d6bcc567081}</UniqueIdentifier>
    </Filter>
    <Filter Include="Day22">
      <UniqueIdentifier>{1bdfac83-748e-4387-8d10-31720ecd966d}</UniqueIdentifier>
    </Filter>
    <Filter Include="Day19">
      <UniqueIdentifier>{77d93125-4f5d-4d7f-aa8c-58bb984fddc4}</UniqueIdentifier>
    </Filter>
    <Filter Include="Day15">
      <UniqueIdentifier>{9ab31f78-a24d-415b-a7a3-6471df95f4fe}</UniqueIdentifier>
    </Filter>
  </ItemGroup>
  <ItemGroup>
    <ClCompile Include="Day01\Day01_ChronalCalibration.cpp">
      <Filter>Day01</Filter>
    </ClCompile>
    <ClCompile Include="Day02\Day02_InventoryManagementSystem.cpp">
      <Filter>Day02</Filter>
    </ClCompile>
    <ClCompile Include="Day03\Day03_NoMatterHowYouSliceIt.cpp">
      <Filter>Day03</Filter>
    </ClCompile>
    <ClCompile Include="Day03\RectangleClaimProcessor.cpp">
      <Filter>Day03</Filter>
    </ClCompile>
    <ClCompile Include="Day03\RectangleSweep.cpp">
      <Filter>Day03</Filter>
    </ClCompile>
    <ClCompile Include="Day04\Day04_ReposeRecord.cpp">
      <Filter>Day04</Filter>
    </ClCompile>
    <ClCompile Include="Day04\GuardDutyRecordProcessor.cpp">
      <Filter>Day04</Filter>
    </ClCompile>
    <ClCompile Include="Day04\GuardDutyRecord.cpp">
      <Filter>Day04</Filter>
    </ClCompile>
    <ClCompile Include="Day05\Day05_AlchemicalReduction.cpp">
      <Filter>Day05</Filter>
    </ClCompile>
    <ClCompile Include="Day07\Day07_TheSumOfItsParts.cpp">
      <Filter>Day07</Filter>
    </ClCompile>
    <ClCompile Include="Day07\AssemblyStepsProcessor.cpp">
      <Filter>Day07</Filter>
    </ClCompile>
    <ClCompile Include="Day08\Day08_MemoryManeuver.cpp">
      <Filter>Day08</Filter>
    </ClCompile>
    <ClCompile Include="Day09\Day09_MarbleMania.cpp">
      <Filter>Day09</Filter>
    </ClCompile>
    <ClCompile Include="Day11\Day11_ChronalCharge.cpp">
      <Filter>Day11</Filter>
    </ClCompile>
    <ClCompile Include="Day13\Day13_MineCartMadness.cpp">
      <Filter>Day13</Filter>
    </ClCompile>
    <ClCompile Include="Day13\CartAndTracksProcessor.cpp">
      <Filter>Day13</Filter>
    </ClCompile>
    <ClCompile Include="Day12\Day12_SubterraneanSustainability.cpp">
      <Filter>Day12</Filter>
    </ClCompile>
    <ClCompile Include="Day12\PottedPlantProcessor.cpp">
      <Filter>Day12</Filter>
    </ClCompile>
    <ClCompile Include="Day10\Day10_TheStarsAlign.cpp">
      <Filter>Day10</Filter>
    </ClCompile>
    <ClCompile Include="Day10\PointOfLightProcessor.cpp">
      <Filter>Day10</Filter>
    </ClCompile>
    <ClCompile Include="Day14\Day14_ChocolateCharts.cpp">
      <Filter>Day14</Filter>
    </ClCompile>
    <ClCompile Include="Day16\Day16_ChronalClassification.cpp">
      <Filter>Day16</Filter>
    </ClCompile>
    <ClCompile Include="Day16\ComputationSampleProcessor.cpp">
      <Filter>Day16</Filter>
    </ClCompile>
    <ClCompile Include="Day23\Day23_ExperimentalEmergencyTeleportation.cpp">
      <Filter>Day23</Filter>
    </ClCompile>
    <ClCompile Include="Day23\NanobotProcessor.cpp">
      <Filter>Day23</Filter>
    </ClCompile>
    <ClCompile Include="Day23\NanobotBox.cpp">
      <Filter>Day23</Filter>
    </ClCompile>
    <ClCompile Include="Day24\Day24_ImmuneSystemSimulator20XX.cpp">
      <Filter>Day24</Filter>
    </ClCompile>
    <ClCompile Include="Day24\ArmyProcessor.cpp">
      <Filter>Day24</Filter>
    </ClCompile>
    <ClCompile Include="Day25\Day25_FourDimensionalAdventure.cpp">
      <Filter>Day25</Filter>
    </ClCompile>
    <ClCompile Include="Day25\SpacetimeProcessor.cpp">
      <Filter>Day25</Filter>
    </ClCompile>
    <ClCompile Include="Day18\Day18_SettlersOfTheNorthPole.cpp">
      <Filter>Day18</Filter>
    </ClCompile>
    <ClCompile Include="Day22\Day22_ModeMaze.cpp">
      <Filter>Day22</Filter>
    </ClCompile>
    <ClCompile Include="Day22\CaveMap.cpp">
      <Filter>Day22</Filter>
    </ClCompile>
    <ClCompile Include="Day22\CaveScanProcessor.cpp">
      <Filter>Day22</Filter>
    </ClCompile>
    <ClCompile Include="Day19\Day19_GoWithTheFlow.cpp">
      <Filter>Day19</Filter>
    </ClCompile>
    <ClCompile Include="Day19\InstructionProcessor.cpp">
      <Filter>Day19</Filter>
    </ClCompile>
    <ClCompile Include="Day16\Instruction.cpp">
      <Filter>Day16</Filter>
    </ClCompile>
    <ClCompile Include="Day15\Day15_BeverageBandits.cpp">
      <Filter>Day15</Filter>
    </ClCompile>
    <ClCompile Include="Day15\Battle.cpp">
      <Filter>Day15</Filter>
    </ClCompile>
  </ItemGroup>
  <ItemGroup>
    <ClInclude Include="Day01\Day01_ChronalCalibration.h">
      <Filter>Day01</Filter>
    </ClInclude>
    <ClInclude Include="Day02\Day02_InventoryManagementSystem.h">
      <Filter>Day02</Filter>
    </ClInclude>
    <ClInclude Include="Day03\Day03_NoMatterHowYouSliceIt.h">
      <Filter>Day03</Filter>
    </ClInclude>
    <ClInclude Include="Day03\RectangleClaim.h">
      <Filter>Day03</Filter>
    </ClInclude>
    <ClInclude Include="Day03\RectangleClaimProcessor.h">
      <Filter>Day03</Filter>
    </ClInclude>
    <ClInclude Include="Day03\RectangleSweep.h">
      <Filter>Day03</Filter>
    </ClInclude>
    <ClInclude Include="Day04\Day04_ReposeRecord.h">
      <Filter>Day04</Filter>
    </ClInclude>
    <ClInclude Include="Day04\GuardDutyRecord.h">
      <Filter>Day04</Filter>
    </ClInclude>
    <ClInclude Include="Day04\GuardDutyRecordProcessor.h">
      <Filter>Day04</Filter>
    </ClInclude>
    <ClInclude Include="Day05\Day05_AlchemicalReduction.h">
      <Filter>Day05</Filter>
    </ClInclude>
    <ClInclude Include="Day07\Day07_TheSumOfItsParts.h">
      <Filter>Day07</Filter>
    </ClInclude>
    <ClInclude Include="Day07\AssemblyStep.h">
      <Filter>Day07</Filter>
    </ClInclude>
    <ClInclude Include="Day07\AssemblyStepsProcessor.h">
      <Filter>Day07</Filter>
    </ClInclude>
    <ClInclude Include="Day08\Day08_MemoryManeuver.h">
      <Filter>Day08</Filter>
    </ClInclude>
    <ClInclude Include="Day09\Day09_MarbleMania.h">
      <Filter>Day09</Filter>
    </ClInclude>
    <ClInclude Include="Day11\Day11_ChronalCharge.h">
      <Filter>Day11</Filter>
    </ClInclude>
    <ClInclude Include="Day13\Day13_MineCartMadness.h">
      <Filter>Day13</Filter>
    </ClInclude>
    <ClInclude Include="Day13\CartAndTracks.h">
      <Filter>Day13</Filter>
    </ClInclude>
    <ClInclude Include="Day13\CartAndTracksProcessor.h">
      <Filter>Day13</Filter>
    </ClInclude>
    <ClInclude Include="Day12\Day12_SubterraneanSustainability.h">
      <Filter>Day12</Filter>
    </ClInclude>
    <ClInclude Include="Day12\PottedPlantProcessor.h">
      <Filter>Day12</Filter>
    </ClInclude>
    <ClInclude Include="Day12\PottedPlants.h">
      <Filter>Day12</Filter>
    </ClInclude>
    <ClInclude Include="Day10\Day10_TheStarsAlign.h">
      <Filter>Day10</Filter>
    </ClInclude>
    <ClInclude Include="Day10\PointOfLight.h">
      <Filter>Day10</Filter>
    </ClInclude>
    <ClInclude Include="Day10\PointOfLightProcessor.h">
      <Filter>Day10</Filter>
    </ClInclude>
    <ClInclude Include="Day14\Day14_ChocolateCharts.h">
      <Filter>Day14</Filter>
    </ClInclude>
    <ClInclude Include="Day16\Day16_ChronalClassification.h">
      <Filter>Day16</Filter>
    </ClInclude>
    <ClInclude Include="Day16\ComputationSampleProcessor.h">
      <Filter>Day16</Filter>
    </ClInclude>
    <ClInclude Include="Day16\Instruction.h">
      <Filter>Day16</Filter>
    </ClInclude>
    <ClInclude Include="Day16\Register.h">
      <Filter>Day16</Filter>
    </ClInclude>
    <ClInclude Include="Day16\ComputationSample.h">
      <Filter>Day16</Filter>
    </ClInclude>
    <ClInclude Include="Day23\Day23_ExperimentalEmergencyTeleportation.h">
      <Filter>Day23</Filter>
    </ClInclude>
    <ClInclude Include="Day23\NanobotProcessor.h">
      <Filter>Day23</Filter>
    </ClInclude>
    <ClInclude Include="Day23\Nanobot.h">
      <Filter>Day23</Filter>
    </ClInclude>
    <ClInclude Include="Day23\NanobotBox.h">
      <Filter>Day23</Filter>
    </ClInclude>
    <ClInclude Include="Day24\Day24_ImmuneSystemSimulator20XX.h">
      <Filter>Day24</Filter>
    </ClInclude>
    <ClInclude Include="Day24\ArmyProcessor.h">
      <Filter>Day24</Filter>
    </ClInclude>
    <ClInclude Include="Day24\Army.h">
      <Filter>Day24</Filter>
    </ClInclude>
    <ClInclude Include="Day25\Day25_FourDimensionalAdventure.h">
      <Filter>Day25</Filter>
    </ClInclude>
    <ClInclude Include="Day25\SpacetimeFixpoint.h">
      <Filter>Day25</Filter>
    </ClInclude>
    <ClInclude Include="Day25\SpacetimeProcessor.h">
      <Filter>Day25</Filter>
    </ClInclude>
    <ClInclude Include="Day18\Day18_SettlersOfTheNorthPole.h">
      <Filter>Day18</Filter>
    </ClInclude>
    <ClInclude Include="Day22\Day22_ModeMaze.h">
      <Filter>Day22</Filter>
    </ClInclude>
    <ClInclude Include="Day22\CaveMap.h">
      <Filter>Day22</Filter>
    </ClInclude>
    <ClInclude Include="Day22\CaveScanProcessor.h">
      <Filter>Day22</Filter>
    </ClInclude>
    <ClInclude Include="Day19\Day19_GoWithTheFlow.h">
      <Filter>Day19</Filter>
    </ClInclude>
    <ClInclude Include="Day19\InstructionProcessor.h">
      <Filter>Day19</Filter>
    </ClInclude>
    <ClInclude Include="Day15\Day15_BeverageBandits.h">
      <Filter>Day15</Filter>
    </ClInclude>
    <ClInclude Include="Day15\Battle.h">
      <Filter>Day15</Filter>
    </ClInclude>
    <ClInclude Include="Day15\Unit.h">
      <Filter>Day15</Filter>
    </ClInclude>
  </ItemGroup>
</Project>