
Microsoft Visual Studio Solution File, Format Version 12.00
# Visual Studio 15
VisualStudioVersion = 15.0.27130.2027
MinimumVisualStudioVersion = 10.0.40219.1
Project("{8BC9CEB8-8B4A-11D0-8D11-00A0C91BC942}") = "AdventOfCode2020.Solutions", "AdventOfCode2020.Solutions\AdventOfCode2020.Solutions.vcxproj", "{6E6D4998-F770-40DF-BB86-7FC0221C5B27}"
EndProject
Project("{8BC9CEB8-8B4A-11D0-8D11-00A0C91BC942}") = "AdventOfCode2020.Tests", "AdventOfCode2020.Tests\AdventOfCode2020.Tests.vcxproj", "{5D34122A-7382-4694-AB11-0FAF39B2680C}"
EndProject
Project("{8BC9CEB8-8B4A-11D0-8D11-00A0C91BC942}") = "AdventOfCode.Runner", "AdventOfCode.Runner\AdventOfCode.Runner.vcxproj", "{2AD402C1-48D8-422C-A099-8CCCD77A51F4}"
EndProject
Project("{8BC9CEB8-8B4A-11D0-8D11-00A0C91BC942}") = "AdventOfCode2021.Solutions", "AdventOfCode2021.Solutions\AdventOfCode2021.Solutions.vcxproj", "{BE086987-8B15-48F2-9234-DD3EDFE21004}"
EndProject
Project("{8BC9CEB8-8B4A-11D0-8D11-00A0C91BC942}") = "AdventOfCode.Core", "AdventOfCode.Core\AdventOfCode.Core.vcxproj", "{E12387BC-AE11-4ECE-B865-BC4BD1374889}"
EndProject
Project("{8BC9CEB8-8B4A-11D0-8D11-00A0C91BC942}") = "AdventOfCode2021.Tests", "AdventOfCode2021.Tests\AdventOfCode2021.Tests.vcxproj", "{4786E3DF-AA8D-4358-A670-79F99B3DD1A0}"
EndProject
Project("{8BC9CEB8-8B4A-11D0-8D11-00A0C91BC942}") = "AdventOfCode2018.Solutions", "AdventOfCode2018.Solutions\AdventOfCode2018.Solutions.vcxproj", "{B30A2A41-93C4-4889-8CE9-194BD0F714E0}"
EndProject
Project("{8BC9CEB8-8B4A-11D0-8D11-00A0C91BC942}") = "AdventOfCode2018.Tests", "AdventOfCode2018.Tests\AdventOfCode2018.Tests.vcxproj", "{1B06F401-D798-4325-B499-3FE7FE1150FF}"
EndProject
Global
	GlobalSection(SolutionConfigurationPlatforms) = preSolution
		Debug|x64 = Debug|x64
		Debug|x86 = Debug|x86
		Release|x64 = Release|x64
		Release|x86 = Release|x86
	EndGlobalSection
	GlobalSection(ProjectConfigurationPlatforms) = postSolution
		{6E6D4998-F770-40DF-BB86-7FC0221C5B27}.Debug|x64.ActiveCfg = Debug|x64
		{6E6D4998-F770-40DF-BB86-7FC0221C5B27}.Debug|x64.Build.0 = Debug|x64
		{6E6D4998-F770-40DF-BB86-7FC0221C5B27}.Debug|x86.ActiveCfg = Debug|Win32
		{6E6D4998-F770-40DF-BB86-7FC0221C5B27}.Debug|x86.Build.0 = Debug|Win32
		{6E6D4998-F770-40DF-BB86-7FC0221C5B27}.Release|x64.ActiveCfg = Release|x64
		{6E6D4998-F770-40DF-BB86-7FC0221C5B27}.Release|x64.Build.0 = Release|x64
		{6E6D4998-F770-40DF-BB86-7FC0221C5B27}.Release|x86.ActiveCfg = Release|Win32
		{6E6D4998-F770-40DF-BB86-7FC0221C5B27}.Release|x86.Build.0 = Release|Win32
		{5D34122A-7382-4694-AB11-0FAF39B2680C}.Debug|x64.ActiveCfg = Debug|x64
		{5D34122A-7382-4694-AB11-0FAF39B2680C}.Debug|x64.Build.0 = Debug|x64
		{5D34122A-7382-4694-AB11-0FAF39B2680C}.Debug|x86.ActiveCfg = Debug|Win32
		{5D34122A-7382-4694-AB11-0FAF39B2680C}.Debug|x86.Build.0 = Debug|Win32
		{5D34122A-7382-4694-AB11-0FAF39B2680C}.Release|x64.ActiveCfg = Release|x64
		{5D34122A-7382-4694-AB11-0FAF39B2680C}.Release|x64.Build.0 = Release|x64
		{5D34122A-7382-4694-AB11-0FAF39B2680C}.Release|x86.ActiveCfg = Release|Win32
		{5D34122A-7382-4694-AB11-0FAF39B2680C}.Release|x86.Build.0 = Release|Win32
		{2AD402C1-48D8-422C-A099-8CCCD77A51F4}.Debug|x64.ActiveCfg = Debug|x64
		{2AD402C1-48D8-422C-A099-8CCCD77A51F4}.Debug|x64.Build.0 = Debug|x64
		{2AD402C1-48D8-422C-A099-8CCCD77A51F4}.Debug|x86.ActiveCfg = Debug|Win32
		{2AD402C1-48D8-422C-A099-8CCCD77A51F4}.Debug|x86.Build.0 = Debug|Win32
		{2AD402C1-48D8-422C-A099-8CCCD77A51F4}.Release|x64.ActiveCfg = Release|x64
		{2AD402C1-48D8-422C-A099-8CCCD77A51F4}.Release|x64.Build.0 = Release|x64
		{2AD402C1-48D8-422C-A099-8CCCD77A51F4}.Release|x86.ActiveCfg = Release|Win32
		{2AD402C1-48D8-422C-A099-8CCCD77A51F4}.Release|x86.Build.0 = Release|Win32
		{BE086987-8B15-48F2-9234-DD3EDFE21004}.Debug|x64.ActiveCfg = Debug|x64
		{BE086987-8B15-48F2-9234-DD3EDFE21004}.Debug|x64.Build.0 = Debug|x64
		{BE086987-8B15-48F2-9234-DD3EDFE21004}.Debug|x86.ActiveCfg = Debug|Win32
		{BE086987-8B15-48F2-9234-DD3EDFE21004}.Debug|x86.Build.0 = Debug|Win32
		{BE086987-8B15-48F2-9234-DD3EDFE21004}.Release|x64.ActiveCfg = Release|x64
		{BE086987-8B15-48F2-9234-DD3EDFE21004}.Release|x64.Build.0 = Release|x64
		{BE086987-8B15-48F2-9234-DD3EDFE21004}.Release|x86.ActiveCfg = Release|Win32
		{BE086987-8B15-48F2-9234-DD3EDFE21004}.Release|x86.Build.0 = Release|Win32
		{E12387BC-AE11-4ECE-B865-BC4BD1374889}.Debug|x64.ActiveCfg = Debug|x64
		{E12387BC-AE11-4ECE-B865-BC4BD1374889}.Debug|x64.Build.0 = Debug|x64
		{E12387BC-AE11-4ECE-B865-BC4BD1374889}.Debug|x86.ActiveCfg = Debug|Win32
		{E12387BC-AE11-4ECE-B865-BC4BD1374889}.Debug|x86.Build.0 = Debug|Win32
		{E12387BC-AE11-4ECE-B865-BC4BD1374889}.Release|x64.ActiveCfg = Release|x64
		{E12387BC-AE11-4ECE-B865-BC4BD1374889}.Release|x64.Build.0 = Release|x64
		{E12387BC-AE11-4ECE-B865-BC4BD1374889}.Release|x86.ActiveCfg = Release|Win32
		{E12387BC-AE11-4ECE-B865-BC4BD1374889}.Release|x86.Build.0 = Release|Win32
		{4786E3DF-AA8D-4358-A670-79F99B3DD1A0}.Debug|x64.ActiveCfg = Debug|x64
		{4786E3DF-AA8D-4358-A670-79F99B3DD1A0}.Debug|x64.Build.0 = Debug|x64
		{4786E3DF-AA8D-4358-A670-79F99B3DD1A0}.Debug|x86.ActiveCfg = Debug|Win32
		{4786E3DF-AA8D-4358-A670-79F99B3DD1A0}.Debug|x86.Build.0 = Debug|Win32
		{4786E3DF-AA8D-4358-A670-79F99B3DD1A0}.Release|x64.ActiveCfg = Release|x64
		{4786E3DF-AA8D-4358-A670-79F99B3DD1A0}.Release|x64.Build.0 = Release|x64
		{4786E3DF-AA8D-4358-A670-79F99B3DD1A0}.Release|x86.ActiveCfg = Release|Win32
		{4786E3DF-AA8D-4358-A670-79F99B3DD1A0}.Release|x86.Build.0 = Release|Win32
		{B30A2A41-93C4-4889-8CE9-194BD0F714E0}.Debug|x64.ActiveCfg = Debug|x64
		{B30A2A41-93C4-4889-8CE9-194BD0F714E0}.Debug|x64.Build.0 = Debug|x64
		{B30A2A41-93C4-4889-8CE9-194BD0F714E0}.Debug|x86.ActiveCfg = Debug|Win32
		{B30A2A41-93C4-4889-8CE9-194BD0F714E0}.Debug|x86.Build.0 = Debug|Win32
		{B30A2A41-93C4-4889-8CE9-194BD0F714E0}.Release|x64.ActiveCfg = Release|x64
		{B30A2A41-93C4-4889-8CE9-194BD0F714E0}.Release|x64.Build.0 = Release|x64
		{B30A2A41-93C4-4889-8CE9-194BD0F714E0}.Release|x86.ActiveCfg = Release|Win32
		{B30A2A41-93C4-4889-8CE9-194BD0F714E0}.Release|x86.Build.0 = Release|Win32
		{1B06F401-D798-4325-B499-3FE7FE1150FF}.Debug|x64.ActiveCfg = Debug|x64
		{1B06F401-D798-4325-B499-3FE7FE1150FF}.Debug|x64.Build.0 = Debug|x64
		{1B06F401-D798-4325-B499-3FE7FE1150FF}.Debug|x86.ActiveCfg = Debug|Win32
		{1B06F401-D798-4325-B499-3FE7FE1150FF}.Debug|x86.Build.0 = Debug|Win32
		{1B06F401-D798-4325-B499-3FE7FE1150FF}.Release|x64.ActiveCfg = Release|x64
		{1B06F401-D798-4325-B499-3FE7FE1150FF}.Release|x64.Build.0 = Release|x64
		{1B06F401-D798-4325-B499-3FE7FE1150FF}.Release|x86.ActiveCfg = Release|Win32
		{1B06F401-D798-4325-B499-3FE7FE1150FF}.Release|x86.Build.0 = Release|Win32
	EndGlobalSection
	GlobalSection(SolutionProperties) = preSolution
		HideSolutionNode = FALSE
	EndGlobalSection
	GlobalSection(ExtensibilityGlobals) = postSolution
		SolutionGuid = {6BF7573C-3FD9-4953-A059-61D22D70D9A5}
	EndGlobalSection
EndGlobal
