<?xml version="1.0" encoding="utf-8"?>
<Project ToolsVersion="4.0" xmlns="http://schemas.microsoft.com/developer/msbuild/2003">
  <ItemGroup>
    <Filter Include="Resource Files">
      <UniqueIdentifier>{67DA6AB6-F800-4c08-8B7A-83BB121AAD01}</UniqueIdentifier>
      <Extensions>rc;ico;cur;bmp;dlg;rc2;rct;bin;rgs;gif;jpg;jpeg;jpe;resx;tiff;tif;png;wav;mfcribbon-ms</Extensions>
    </Filter>
    <Filter Include="Day01">
      <Filter>{63d08d2c-8cf4-48db-9065-cab559dad007}</Filter>
    </Filter>
    <Filter Include="Day02">
      <Filter>{dfecfcca-ee29-4e1c-b0b0-d6af22da86f4}</Filter>
    </Filter>
    <Filter Include="Day03">
      <Filter>{70bf3cba-73e0-41ca-965f-7e4b40ea5d0e}</Filter>
    </Filter>
    <Filter Include="Day04">
      <Filter>{91ddd829-00a5-4bac-869c-3058225377ca}</Filter>
    </Filter>
    <Filter Include="Day05">
      <Filter>{df5c68f3-7775-4fd7-9dc9-55cf880ae2cb}</Filter>
    </Filter>
    <Filter Include="Day06">
      <Filter>{d2312602-5fe5-4ef8-a5f6-1d5af844afa3}</Filter>
    </Filter>
    <Filter Include="Day07">
      <Filter>{0864a956-aba4-4d0a-a43e-486114d4ddb2}</Filter>
    </Filter>
    <Filter Include="Day08">
      <Filter>{e349e57d-6851-4526-9943-0b06258af369}</Filter>
    </Filter>
    <Filter Include="Day09">
      <Filter>{6d661fe7-1c03-4861-8a52-bf8a6e9838bd}</Filter>
    </Filter>
    <Filter Include="Day10">
      <Filter>{44000fa3-6b34-4898-9be3-e88462bae689}</Filter>
    </Filter>
    <Filter Include="Day11">
      <Filter>{92ab0341-f0a7-4444-9560-56e454deac98}</Filter>
    </Filter>
    <Filter Include="Day12">
      <Filter>{9a02c27a-9ef3-4fb2-95e7-1c65d83935c3}</Filter>
    </Filter>
    <Filter Include="Day13">
      <Filter>{af38a162-9fe2-4970-b129-dfe0b776f3ec}</Filter>
    </Filter>
    <Filter Include="Day14">
      <Filter>{b6b227ab-b599-4ef7-b270-fb7249fa1e13}</Filter>
    </Filter>
    <Filter Include="Day15">
      <Filter>{12f14b39-3f14-4d93-9223-48f948e9c2ce}</Filter>
    </Filter>
  </ItemGroup>
  <ItemGroup>
    <ClInclude Include="Day01\Day01_CalorieCounting.h">
      <Filter>Day01</Filter>
    </ClInclude>
    <ClInclude Include="Day01\CalorieProcessor.h">
      <Filter>Day01</Filter>
    </ClInclude>
    <ClInclude Include="Solutions2022.h" />
    <ClInclude Include="Day01\CarriedCalories.h">
      <Filter>Day01</Filter>
    </ClInclude>
    <ClInclude Include="Day02\Day02_RockPaperScissors.h">
      <Filter>Day02</Filter>
    </ClInclude>
    <ClInclude Include="Day02\RockPaperScissorsRound.h">
      <Filter>Day02</Filter>
    </ClInclude>
    <ClInclude Include="Day02\StrategyGuideProcessor.h">
      <Filter>Day02</Filter>
    </ClInclude>
    <ClInclude Include="Day03\Day03_RucksackReorganization.h">
      <Filter>Day03</Filter>
    </ClInclude>
    <ClInclude Include="Day03\Rucksack.h">
      <Filter>Day03</Filter>
    </ClInclude>
    <ClInclude Include="Day03\RucksackProcessor.h">
      <Filter>Day03</Filter>
    </ClInclude>
    <ClInclude Include="Day04\Day04_CampCleanup.h">
      <Filter>Day04</Filter>
    </ClInclude>
    <ClInclude Include="Day04\SectionAssignments.h">
      <Filter>Day04</Filter>
    </ClInclude>
    <ClInclude Include="Day04\SectionAssignmentsProcessor.h">
      <Filter>Day04</Filter>
    </ClInclude>
    <ClInclude Include="Day05\Day05_SupplyStacks.h">
      <Filter>Day05</Filter>
    </ClInclude>
    <ClInclude Include="Day05\CraneStep.h">
      <Filter>Day05</Filter>
    </ClInclude>
    <ClInclude Include="Day05\CraneStepProcessor.h">
      <Filter>Day05</Filter>
    </ClInclude>
    <ClInclude Include="Day06\Day06_TuningTrouble.h">
      <Filter>Day06</Filter>
    </ClInclude>
    <ClInclude Include="Day07\Day07_NoSpaceLeftOnDevice.h">
      <Filter>Day07</Filter>
    </ClInclude>
    <ClInclude Include="Day07\FileSystem.h">
      <Filter>Day07</Filter>
    </ClInclude>
    <ClInclude Include="Day07\FilesystemProcessor.h">
      <Filter>Day07</Filter>
    </ClInclude>
    <ClInclude Include="Day08\Day08_TreetopTreeHouse.h">
      <Filter>Day08</Filter>
    </ClInclude>
    <ClInclude Include="Day09\Day09_RopeBridge.h">
      <Filter>Day09</Filter>
    </ClInclude>
    <ClInclude Include="Day09\RopeMovement.h">
      <Filter>Day09</Filter>
    </ClInclude>
    <ClInclude Include="Day09\RopeMovementProcessor.h">
      <Filter>Day09</Filter>
    </ClInclude>
    <ClInclude Include="Day10\Day10_CathodeRayTube.h">
      <Filter>Day10</Filter>
    </ClInclude>
    <ClInclude Include="Day10\Instruction.h">
      <Filter>Day10</Filter>
    </ClInclude>
    <ClInclude Include="Day10\InstructionProcessor.h">
      <Filter>Day10</Filter>
    </ClInclude>
    <ClInclude Include="Day11\Day11_MonkeyInTheMiddle.h">
      <Filter>Day11</Filter>
    </ClInclude>
    <ClInclude Include="Day11\Monkey.h">
      <Filter>Day11</Filter>
    </ClInclude>
    <ClInclude Include="Day11\MonkeyProcessor.h">
      <Filter>Day11</Filter>
    </ClInclude>
    <ClInclude Include="Day12\Day12_HillClimbingAlgorithm.h">
      <Filter>Day12</Filter>
    </ClInclude>
    <ClInclude Include="Day13\Day13_DistressSignal.h">
      <Filter>Day13</Filter>
    </ClInclude>
    <ClInclude Include="Day13\PacketProcessor.h">
      <Filter>Day13</Filter>
    </ClInclude>
    <ClInclude Include="Day13\Packet.h">
      <Filter>Day13</Filter>
    </ClInclude>
    <ClInclude Include="Day14\Day14_RegolithReservoir.h">
      <Filter>Day14</Filter>
    </ClInclude>
    <ClInclude Include="Day14\RockPath.h">
      <Filter>Day14</Filter>
    </ClInclude>
    <ClInclude Include="Day14\RockPathProcessor.h">
      <Filter>Day14</Filter>
    </ClInclude>
    <ClInclude Include="Day15\Day15_BeaconExclusionZone.h">
      <Filter>Day15</Filter>
    </ClInclude>
    <ClInclude Include="Day15\Sensor.h">
      <Filter>Day15</Filter>
    </ClInclude>
    <ClInclude Include="Day15\SensorProcessor.h">
      <Filter>Day15</Filter>
    </ClInclude>
  </ItemGroup>
  <ItemGroup>
    <ClCompile Include="Day01\Day01_CalorieCounting.cpp">
      <Filter>Day01</Filter>
    </ClCompile>
    <ClCompile Include="Day01\CalorieProcessor.cpp">
      <Filter>Day01</Filter>
    </ClCompile>
    <ClCompile Include="Day02\Day02_RockPaperScissors.cpp">
      <Filter>Day02</Filter>
    </ClCompile>
    <ClCompile Include="Day02\StrategyGuideProcessor.cpp">
      <Filter>Day02</Filter>
    </ClCompile>
    <ClCompile Include="Day03\Day03_RucksackReorganization.cpp">
      <Filter>Day03</Filter>
    </ClCompile>
    <ClCompile Include="Day03\RucksackProcessor.cpp">
      <Filter>Day03</Filter>
    </ClCompile>
    <ClCompile Include="Day04\Day04_CampCleanup.cpp">
      <Filter>Day04</Filter>
    </ClCompile>
    <ClCompile Include="Day04\SectionAssignmentsProcessor.cpp">
      <Filter>Day04</Filter>
    </ClCompile>
    <ClCompile Include="Day05\Day05_SupplyStacks.cpp">
      <Filter>Day05</Filter>
    </ClCompile>
    <ClCompile Include="Day05\CraneStepProcessor.cpp">
      <Filter>Day05</Filter>
    </ClCompile>
    <ClCompile Include="Day06\Day06_TuningTrouble.cpp">
      <Filter>Day06</Filter>
    </ClCompile>
    <ClCompile Include="Day07\Day07_NoSpaceLeftOnDevice.cpp">
      <Filter>Day07</Filter>
    </ClCompile>
    <ClCompile Include="Day07\FilesystemProcessor.cpp">
      <Filter>Day07</Filter>
    </ClCompile>
    <ClCompile Include="Day08\Day08_TreetopTreeHouse.cpp">
      <Filter>Day08</Filter>
    </ClCompile>
    <ClCompile Include="Day09\Day09_RopeBridge.cpp">
      <Filter>Day09</Filter>
    </ClCompile>
    <ClCompile Include="Day09\RopeMovementProcessor.cpp">
      <Filter>Day09</Filter>
    </ClCompile>
    <ClCompile Include="Day10\Day10_CathodeRayTube.cpp">
      <Filter>Day10</Filter>
    </ClCompile>
    <ClCompile Include="Day10\InstructionProcessor.cpp">
      <Filter>Day10</Filter>
    </ClCompile>
    <ClCompile Include="Day11\Day11_MonkeyInTheMiddle.cpp">
      <Filter>Day11</Filter>
    </ClCompile>
    <ClCompile Include="Day11\MonkeyProcessor.cpp">
      <Filter>Day11</Filter>
    </ClCompile>
    <ClCompile Include="Day12\Day12_HillClimbingAlgorithm.cpp">
      <Filter>Day12</Filter>
    </ClCompile>
    <ClCompile Include="Day13\Day13_DistressSignal.cpp">
      <Filter>Day13</Filter>
    </ClCompile>
    <ClCompile Include="Day13\PacketProcessor.cpp">
      <Filter>Day13</Filter>
    </ClCompile>
    <ClCompile Include="Day13\Packet.cpp">
      <Filter>Day13</Filter>
    </ClCompile>
    <ClCompile Include="Day14\Day14_RegolithReservoir.cpp">
      <Filter>Day14</Filter>
    </ClCompile>
    <ClCompile Include="Day14\RockPathProcessor.cpp">
      <Filter>Day14</Filter>
    </ClCompile>
    <ClCompile Include="Day15\Day15_BeaconExclusionZone.cpp">
      <Filter>Day15</Filter>
    </ClCompile>
    <ClCompile Include="Day15\SensorProcessor.cpp">
      <Filter>Day15</Filter>
    </ClCompile>
  </ItemGroup>
</Project>