<?xml version="1.0" encoding="utf-8"?>
<Project ToolsVersion="4.0" xmlns="http://schemas.microsoft.com/developer/msbuild/2003">
  <ItemGroup>
    <Filter Include="Resource Files">
      <UniqueIdentifier>{67DA6AB6-F800-4c08-8B7A-83BB121AAD01}</UniqueIdentifier>
      <Extensions>rc;ico;cur;bmp;dlg;rc2;rct;bin;rgs;gif;jpg;jpeg;jpe;resx;tiff;tif;png;wav;mfcribbon-ms</Extensions>
    </Filter>
    <Filter Include="Day01">
      <Filter>{63d08d2c-8cf4-48db-9065-cab559dad007}</Filter>
    </Filter>
    <Filter Include="Day02">
      <Filter>{dfecfcca-ee29-4e1c-b0b0-d6af22da86f4}</Filter>
    </Filter>
    <Filter Include="Day03">
      <Filter>{70bf3cba-73e0-41ca-965f-7e4b40ea5d0e}</Filter>
    </Filter>
    <Filter Include="Day04">
      <Filter>{91ddd829-00a5-4bac-869c-3058225377ca}</Filter>
    </Filter>
    <Filter Include="Day05">
      <Filter>{df5c68f3-7775-4fd7-9dc9-55cf880ae2cb}</Filter>
    </Filter>
    <Filter Include="Day06">
      <Filter>{d2312602-5fe5-4ef8-a5f6-1d5af844afa3}</Filter>
    </Filter>
  </ItemGroup>
  <ItemGroup>
    <ClInclude Include="Day01\Day01_CalorieCounting.h">
      <Filter>Day01</Filter>
    </ClInclude>
    <ClInclude Include="Day01\CalorieProcessor.h">
      <Filter>Day01</Filter>
    </ClInclude>
    <ClInclude Include="Solutions2022.h" />
    <ClInclude Include="Day01\CarriedCalories.h">
      <Filter>Day01</Filter>
    </ClInclude>
    <ClInclude Include="Day02\Day02_RockPaperScissors.h">
      <Filter>Day02</Filter>
    </ClInclude>
    <ClInclude Include="Day02\RockPaperScissorsRound.h">
      <Filter>Day02</Filter>
    </ClInclude>
    <ClInclude Include="Day02\StrategyGuideProcessor.h">
      <Filter>Day02</Filter>
    </ClInclude>
    <ClInclude Include="Day03\Day03_RucksackReorganization.h">
      <Filter>Day03</Filter>
    </ClInclude>
    <ClInclude Include="Day03\Rucksack.h">
      <Filter>Day03</Filter>
    </ClInclude>
    <ClInclude Include="Day03\RucksackProcessor.h">
      <Filter>Day03</Filter>
    </ClInclude>
    <ClInclude Include="Day04\Day04_CampCleanup.h">
      <Filter>Day04</Filter>
    </ClInclude>
    <ClInclude Include="Day04\SectionAssignments.h">
      <Filter>Day04</Filter>
    </ClInclude>
    <ClInclude Include="Day04\SectionAssignmentsProcessor.h">
      <Filter>Day04</Filter>
    </ClInclude>
    <ClInclude Include="Day05\Day05_SupplyStacks.h">
      <Filter>Day05</Filter>
    </ClInclude>
    <ClInclude Include="Day05\CraneStep.h">
      <Filter>Day05</Filter>
    </ClInclude>
    <ClInclude Include="Day05\CraneStepProcessor.h">
      <Filter>Day05</Filter>
    </ClInclude>
    <ClInclude Include="Day06\Day06_TuningTrouble.h">
      <Filter>Day06</Filter>
    </ClInclude>
  </ItemGroup>
  <ItemGroup>
    <ClCompile Include="Day01\Day01_CalorieCounting.cpp">
      <Filter>Day01</Filter>
    </ClCompile>
    <ClCompile Include="Day01\CalorieProcessor.cpp">
      <Filter>Day01</Filter>
    </ClCompile>
    <ClCompile Include="Day02\Day02_RockPaperScissors.cpp">
      <Filter>Day02</Filter>
    </ClCompile>
    <ClCompile Include="Day02\StrategyGuideProcessor.cpp">
      <Filter>Day02</Filter>
    </ClCompile>
    <ClCompile Include="Day03\Day03_RucksackReorganization.cpp">
      <Filter>Day03</Filter>
    </ClCompile>
    <ClCompile Include="Day03\RucksackProcessor.cpp">
      <Filter>Day03</Filter>
    </ClCompile>
    <ClCompile Include="Day04\Day04_CampCleanup.cpp">
      <Filter>Day04</Filter>
    </ClCompile>
    <ClCompile Include="Day04\SectionAssignmentsProcessor.cpp">
      <Filter>Day04</Filter>
    </ClCompile>
    <ClCompile Include="Day05\Day05_SupplyStacks.cpp">
      <Filter>Day05</Filter>
    </ClCompile>
    <ClCompile Include="Day05\CraneStepProcessor.cpp">
      <Filter>Day05</Filter>
    </ClCompile>
    <ClCompile Include="Day06\Day06_TuningTrouble.cpp">
      <Filter>Day06</Filter>
    </ClCompile>
  </ItemGroup>
</Project>