<?xml version="1.0" encoding="utf-8"?>
<Project ToolsVersion="4.0" xmlns="http://schemas.microsoft.com/developer/msbuild/2003">
  <ItemGroup>
    <Filter Include="Resource Files">
      <UniqueIdentifier>{67DA6AB6-F800-4c08-8B7A-83BB121AAD01}</UniqueIdentifier>
      <Extensions>rc;ico;cur;bmp;dlg;rc2;rct;bin;rgs;gif;jpg;jpeg;jpe;resx;tiff;tif;png;wav;mfcribbon-ms</Extensions>
    </Filter>
    <Filter Include="Day01">
      <UniqueIdentifier>{70c4736f-bd39-4bed-9f57-0cd3fc48c657}</UniqueIdentifier>
    </Filter>
    <Filter Include="Day02">
      <UniqueIdentifier>{888b4883-bedc-40bf-a1bb-033cfda38e45}</UniqueIdentifier>
    </Filter>
    <Filter Include="Day03">
      <UniqueIdentifier>{710e20f4-820f-4964-be3f-69643d9ae11b}</UniqueIdentifier>
    </Filter>
    <Filter Include="Day04">
      <UniqueIdentifier>{d2270ead-039d-4750-ab5a-03c6d59e5019}</UniqueIdentifier>
    </Filter>
    <Filter Include="Day05">
      <UniqueIdentifier>{5e536222-201a-4639-86f0-bc8f5d296ad7}</UniqueIdentifier>
    </Filter>
    <Filter Include="Day06">
      <UniqueIdentifier>{4729b8cd-9779-45cf-baa5-220d8912678e}</UniqueIdentifier>
    </Filter>
    <Filter Include="Day07">
      <UniqueIdentifier>{c7ac69a7-4e10-4455-ad0b-b5b9f0e70435}</UniqueIdentifier>
    </Filter>
    <Filter Include="Day08">
      <UniqueIdentifier>{255f3eb9-4915-4fc5-945b-2503fa9762a6}</UniqueIdentifier>
    </Filter>
    <Filter Include="Day09">
      <UniqueIdentifier>{67e0f074-2ef3-4f2f-bb1b-153c12cf3249}</UniqueIdentifier>
    </Filter>
    <Filter Include="Day10">
      <UniqueIdentifier>{6205781b-a59d-4333-96d5-93bf8667273d}</UniqueIdentifier>
    </Filter>
    <Filter Include="Day11">
      <UniqueIdentifier>{78dc84d6-1f91-44bf-b101-f6c0c29dcc32}</UniqueIdentifier>
    </Filter>
    <Filter Include="Day12">
      <UniqueIdentifier>{40ebeec8-aec7-4f86-90bd-41775772f2d8}</UniqueIdentifier>
    </Filter>
    <Filter Include="Day13">
      <UniqueIdentifier>{142edf91-9378-4a34-8b0e-200eed7cdc6a}</UniqueIdentifier>
    </Filter>
    <Filter Include="Day14">
      <UniqueIdentifier>{30bdd9a0-6277-43ff-ae5a-edfd43457562}</UniqueIdentifier>
    </Filter>
    <Filter Include="Day16">
      <UniqueIdentifier>{c1528fe4-7d79-4f5d-8fcf-dbaaa1c72b99}</UniqueIdentifier>
    </Filter>
    <Filter Include="Day18">
      <UniqueIdentifier>{f1f481e2-b71c-4559-8416-bf69fb290580}</UniqueIdentifier>
    </Filter>
    <Filter Include="Day15">
      <UniqueIdentifier>{76edd79f-42f7-4e33-965c-775f80714b88}</UniqueIdentifier>
    </Filter>
    <Filter Include="Day20">
      <UniqueIdentifier>{29c21fab-5925-41a5-8a87-35f8f48d1c8a}</UniqueIdentifier>
    </Filter>
    <Filter Include="Day17">
      <UniqueIdentifier>{b3e39b4f-01f1-4b85-99c6-7fd326839588}</UniqueIdentifier>
    </Filter>
    <Filter Include="Day21">
      <UniqueIdentifier>{2fd74522-a937-4860-929c-8644b0288dbe}</UniqueIdentifier>
    </Filter>
    <Filter Include="Day22">
      <UniqueIdentifier>{ecbb64d2-2d67-4dbc-b717-550556c66264}</UniqueIdentifier>
    </Filter>
  </ItemGroup>
  <ItemGroup>
    <ClCompile Include="Day01\Day01_SonarSweep.cpp">
      <Filter>Day01</Filter>
    </ClCompile>
    <ClCompile Include="Day02\Day02_Dive.cpp">
      <Filter>Day02</Filter>
    </ClCompile>
    <ClCompile Include="Day02\DiveCmdProcessor.cpp">
      <Filter>Day02</Filter>
    </ClCompile>
    <ClCompile Include="Day03\Day03_BinaryDiagnostic.cpp">
      <Filter>Day03</Filter>
    </ClCompile>
    <ClCompile Include="Day04\BingoBoard.cpp">
      <Filter>Day04</Filter>
    </ClCompile>
    <ClCompile Include="Day04\BingoBoardProcessor.cpp">
      <Filter>Day04</Filter>
    </ClCompile>
    <ClCompile Include="Day04\Day04_GiantSquid.cpp">
      <Filter>Day04</Filter>
    </ClCompile>
    <ClCompile Include="Day05\Day05_HydrothermalVenture.cpp">
      <Filter>Day05</Filter>
    </ClCompile>
    <ClCompile Include="Day05\HydroVentProcessor.cpp">
      <Filter>Day05</Filter>
    </ClCompile>
    <ClCompile Include="Day06\Day06_Lanternfish.cpp">
      <Filter>Day06</Filter>
    </ClCompile>
    <ClCompile Include="Day07\Day07_TheTreacheryOfWhales.cpp">
      <Filter>Day07</Filter>
    </ClCompile>
    <ClCompile Include="Day08\Day08_SevenSegmentSearch.cpp">
      <Filter>Day08</Filter>
    </ClCompile>
    <ClCompile Include="Day08\SignalPatternProcessor.cpp">
      <Filter>Day08</Filter>
    </ClCompile>
    <ClCompile Include="Day09\Day09_SmokeBasin.cpp">
      <Filter>Day09</Filter>
    </ClCompile>
    <ClCompile Include="Day09\HeatMapProcessor.cpp">
      <Filter>Day09</Filter>
    </ClCompile>
    <ClCompile Include="Day10\Day10_SyntaxScoring.cpp">
      <Filter>Day10</Filter>
    </ClCompile>
    <ClCompile Include="Day11\Day11_DumboOctopus.cpp">
      <Filter>Day11</Filter>
    </ClCompile>
    <ClCompile Include="Day12\Day12_PassagePathing.cpp">
      <Filter>Day12</Filter>
    </ClCompile>
    <ClCompile Include="Day12\CaveConnectionProcessor.cpp">
      <Filter>Day12</Filter>
    </ClCompile>
    <ClCompile Include="Day13\Day13_TransparentOrigami.cpp">
      <Filter>Day13</Filter>
    </ClCompile>
    <ClCompile Include="Day13\OrigamiProcessor.cpp">
      <Filter>Day13</Filter>
    </ClCompile>
    <ClCompile Include="Day14\Day14_ExtendedPolymerization.cpp">
      <Filter>Day14</Filter>
    </ClCompile>
    <ClCompile Include="Day14\PolymerProcessor.cpp">
      <Filter>Day14</Filter>
    </ClCompile>
    <ClCompile Include="Day16\Day16_PacketDecoder.cpp">
      <Filter>Day16</Filter>
    </ClCompile>
    <ClCompile Include="Day18\Day18_Snailfish.cpp">
      <Filter>Day18</Filter>
    </ClCompile>
    <ClCompile Include="Day18\SnailfishNumberProcessor.cpp">
      <Filter>Day18</Filter>
    </ClCompile>
    <ClCompile Include="Day18\SnailfishNum.cpp">
      <Filter>Day18</Filter>
    </ClCompile>
    <ClCompile Include="Day15\Day15_Chiton.cpp">
      <Filter>Day15</Filter>
    </ClCompile>
    <ClCompile Include="Day20\Day20_TrenchMap.cpp">
      <Filter>Day20</Filter>
    </ClCompile>
    <ClCompile Include="Day20\TrenchImageProcessor.cpp">
      <Filter>Day20</Filter>
    </ClCompile>
    <ClCompile Include="Day17\Day17_TrickShot.cpp">
      <Filter>Day17</Filter>
    </ClCompile>
    <ClCompile Include="Day21\Day21_DiracDice.cpp">
      <Filter>Day21</Filter>
    </ClCompile>
    <ClCompile Include="Day22\Day22_ReactorReboot.cpp">
      <Filter>Day22</Filter>
    </ClCompile>
    <ClCompile Include="Day22\RebootStepProcessor.cpp">
      <Filter>Day22</Filter>
    </ClCompile>
  </ItemGroup>
  <ItemGroup>
    <ClInclude Include="Day01\Day01_SonarSweep.h">
      <Filter>Day01</Filter>
    </ClInclude>
    <ClInclude Include="Day02\Day02_Dive.h">
      <Filter>Day02</Filter>
    </ClInclude>
    <ClInclude Include="Day02\DiveCmd.h">
      <Filter>Day02</Filter>
    </ClInclude>
    <ClInclude Include="Day02\DiveCmdProcessor.h">
      <Filter>Day02</Filter>
    </ClInclude>
    <ClInclude Include="Day03\Day03_BinaryDiagnostic.h">
      <Filter>Day03</Filter>
    </ClInclude>
    <ClInclude Include="Day04\BingoBoard.h">
      <Filter>Day04</Filter>
    </ClInclude>
    <ClInclude Include="Day04\BingoBoardProcessor.h">
      <Filter>Day04</Filter>
    </ClInclude>
    <ClInclude Include="Day04\Day04_GiantSquid.h">
      <Filter>Day04</Filter>
    </ClInclude>
    <ClInclude Include="Day05\Day05_HydrothermalVenture.h">
      <Filter>Day05</Filter>
    </ClInclude>
    <ClInclude Include="Day05\HydroVentLine.h">
      <Filter>Day05</Filter>
    </ClInclude>
    <ClInclude Include="Day05\HydroVentProcessor.h">
      <Filter>Day05</Filter>
    </ClInclude>
    <ClInclude Include="Day06\Day06_Lanternfish.h">
      <Filter>Day06</Filter>
    </ClInclude>
    <ClInclude Include="Day07\Day07_TheTreacheryOfWhales.h">
      <Filter>Day07</Filter>
    </ClInclude>
    <ClInclude Include="Day08\Day08_SevenSegmentSearch.h">
      <Filter>Day08</Filter>
    </ClInclude>
    <ClInclude Include="Day08\SignalPatternProcessor.h">
      <Filter>Day08</Filter>
    </ClInclude>
    <ClInclude Include="Day08\SignalPatternObservation.h">
      <Filter>Day08</Filter>
    </ClInclude>
    <ClInclude Include="Day09\Day09_SmokeBasin.h">
      <Filter>Day09</Filter>
    </ClInclude>
    <ClInclude Include="Day09\HeatMapProcessor.h">
      <Filter>Day09</Filter>
    </ClInclude>
    <ClInclude Include="Day10\Day10_SyntaxScoring.h">
      <Filter>Day10</Filter>
    </ClInclude>
    <ClInclude Include="Day11\Day11_DumboOctopus.h">
      <Filter>Day11</Filter>
    </ClInclude>
    <ClInclude Include="Day12\Day12_PassagePathing.h">
      <Filter>Day12</Filter>
    </ClInclude>
    <ClInclude Include="Day12\CaveConnection.h">
      <Filter>Day12</Filter>
    </ClInclude>
    <ClInclude Include="Day12\CaveConnectionProcessor.h">
      <Filter>Day12</Filter>
    </ClInclude>
    <ClInclude Include="Day13\Day13_TransparentOrigami.h">
      <Filter>Day13</Filter>
    </ClInclude>
    <ClInclude Include="Day13\FoldInstruction.h">
      <Filter>Day13</Filter>
    </ClInclude>
    <ClInclude Include="Day13\OrigamiProcessor.h">
      <Filter>Day13</Filter>
    </ClInclude>
    <ClInclude Include="Day14\Day14_ExtendedPolymerization.h">
      <Filter>Day14</Filter>
    </ClInclude>
    <ClInclude Include="Day14\PolymerProcessor.h">
      <Filter>Day14</Filter>
    </ClInclude>
    <ClInclude Include="Day02\DivePos.h">
      <Filter>Day02</Filter>
    </ClInclude>
    <ClInclude Include="Day16\Day16_PacketDecoder.h">
      <Filter>Day16</Filter>
    </ClInclude>
    <ClInclude Include="Day18\Day18_Snailfish.h">
      <Filter>Day18</Filter>
    </ClInclude>
    <ClInclude Include="Day18\SnailfishNumberProcessor.h">
      <Filter>Day18</Filter>
    </ClInclude>
    <ClInclude Include="Day18\SnailfishNum.h">
      <Filter>Day18</Filter>
    </ClInclude>
    <ClInclude Include="Day15\Day15_Chiton.h">
      <Filter>Day15</Filter>
    </ClInclude>
    <ClInclude Include="Day15\CavePosition.h">
      <Filter>Day15</Filter>
    </ClInclude>
    <ClInclude Include="Day20\Day20_TrenchMap.h">
      <Filter>Day20</Filter>
    </ClInclude>
    <ClInclude Include="Day20\TrenchImageProcessor.h">
      <Filter>Day20</Filter>
    </ClInclude>
    <ClInclude Include="Day17\Day17_TrickShot.h">
      <Filter>Day17</Filter>
    </ClInclude>
    <ClInclude Include="Day21\Day21_DiracDice.h">
      <Filter>Day21</Filter>
    </ClInclude>
    <ClInclude Include="Day22\Day22_ReactorReboot.h">
      <Filter>Day22</Filter>
    </ClInclude>
    <ClInclude Include="Day22\RebootStepProcessor.h">
      <Filter>Day22</Filter>
    </ClInclude>
  </ItemGroup>
</Project>