<?xml version="1.0" encoding="utf-8"?>
<Project ToolsVersion="4.0" xmlns="http://schemas.microsoft.com/developer/msbuild/2003">
  <ItemGroup>
    <Filter Include="Resource Files">
      <UniqueIdentifier>{67DA6AB6-F800-4c08-8B7A-83BB121AAD01}</UniqueIdentifier>
      <Extensions>rc;ico;cur;bmp;dlg;rc2;rct;bin;rgs;gif;jpg;jpeg;jpe;resx;tiff;tif;png;wav;mfcribbon-ms</Extensions>
    </Filter>
    <Filter Include="Day01">
      <Filter>{c578d019-1d7f-483a-a4d7-f766370b50fb}</Filter>
    </Filter>
    <Filter Include="Day02">
      <Filter>{5352dec0-9fdd-4c52-88d2-a473df0d7529}</Filter>
    </Filter>
    <Filter Include="Day03">
      <Filter>{c9430c84-8400-4b9c-9657-5bc7ea8bf2fb}</Filter>
    </Filter>
  </ItemGroup>
  <ItemGroup>
    <ClInclude Include="Solutions2023.h" />
    <ClInclude Include="Day01\Day01_Trebuchet.h">
      <Filter>Day01</Filter>
    </ClInclude>
    <ClInclude Include="Day02\Day02_CubeConundrum.h">
      <Filter>Day02</Filter>
    </ClInclude>
    <ClInclude Include="Day02\GameRecord.h">
      <Filter>Day02</Filter>
    </ClInclude>
    <ClInclude Include="Day02\CubeGameProcessor.h">
      <Filter>Day02</Filter>
    </ClInclude>
    <ClInclude Include="Day03\Day03_GearRatios.h">
      <Filter>Day03</Filter>
    </ClInclude>
    <ClInclude Include="Day03\PartNumber.h">
      <Filter>Day03</Filter>
    </ClInclude>
    <ClInclude Include="Day03\EngineSchematicsProcessor.h">
      <Filter>Day03</Filter>
    </ClInclude>
  </ItemGroup>
  <ItemGroup>
    <ClCompile Include="AdventOfCode2023.cpp" />
    <ClCompile Include="Day01\Day01_Trebuchet.cpp">
      <Filter>Day01</Filter>
    </ClCompile>
    <ClCompile Include="Day02\Day02_CubeConundrum.cpp">
      <Filter>Day02</Filter>
    </ClCompile>
    <ClCompile Include="Day02\CubeGameProcessor.cpp">
      <Filter>Day02</Filter>
    </ClCompile>
    <ClCompile Include="Day03\Day03_GearRatios.cpp">
      <Filter>Day03</Filter>
    </ClCompile>
    <ClCompile Include="Day03\EngineSchematicsProcessor.cpp">
      <Filter>Day03</Filter>
    </ClCompile>
  </ItemGroup>
</Project>