<?xml version="1.0" encoding="utf-8"?>
<Project ToolsVersion="4.0" xmlns="http://schemas.microsoft.com/developer/msbuild/2003">
  <ItemGroup>
    <Filter Include="Resource Files">
      <UniqueIdentifier>{67DA6AB6-F800-4c08-8B7A-83BB121AAD01}</UniqueIdentifier>
      <Extensions>rc;ico;cur;bmp;dlg;rc2;rct;bin;rgs;gif;jpg;jpeg;jpe;resx;tiff;tif;png;wav;mfcribbon-ms</Extensions>
    </Filter>
    <Filter Include="Day01">
      <Filter>{c578d019-1d7f-483a-a4d7-f766370b50fb}</Filter>
    </Filter>
    <Filter Include="Day02">
      <Filter>{5352dec0-9fdd-4c52-88d2-a473df0d7529}</Filter>
    </Filter>
    <Filter Include="Day03">
      <Filter>{c9430c84-8400-4b9c-9657-5bc7ea8bf2fb}</Filter>
    </Filter>
    <Filter Include="Day04">
      <Filter>{f51acb83-ee64-4c93-969e-3993bad6c1d7}</Filter>
    </Filter>
    <Filter Include="Day05">
      <Filter>{b0f72dd8-d7f5-4be1-b476-67b23790ea38}</Filter>
    </Filter>
    <Filter Include="Day06">
      <Filter>{e74a30e1-afa4-4323-8fa3-301faa4e838f}</Filter>
    </Filter>
    <Filter Include="Day07">
      <Filter>{e4ccd618-6caf-42f4-aaaf-79adcf9ebf0b}</Filter>
    </Filter>
    <Filter Include="Day08">
      <Filter>{9ff7dbc3-54c9-47f3-a423-4b11574c70f3}</Filter>
    </Filter>
    <Filter Include="Day09">
      <Filter>{fab3443f-bfd6-42ad-8257-f5db756036a6}</Filter>
    </Filter>
    <Filter Include="Day10">
      <Filter>{9891a89e-cd06-4edb-8726-d8d45604def7}</Filter>
    </Filter>
    <Filter Include="Day11">
      <Filter>{1113c83c-ab20-4967-ab05-95484fbc8098}</Filter>
    </Filter>
    <Filter Include="Day12">
      <Filter>{1af8013c-6e7f-470a-ba23-67122dcc1aa3}</Filter>
    </Filter>
    <Filter Include="Day13">
      <Filter>{61b5aeb0-7393-4022-92ee-059f4517711a}</Filter>
    </Filter>
    <Filter Include="Day14">
      <Filter>{74cfc775-f121-4530-a90f-d619836efc61}</Filter>
    </Filter>
    <Filter Include="Day15">
      <Filter>{d7134ec9-adc4-4e99-bb5d-ea4e54b710c6}</Filter>
    </Filter>
    <Filter Include="Day16">
      <Filter>{4c16a600-9397-40b6-9e99-881b15d537e0}</Filter>
    </Filter>
    <Filter Include="Day17">
      <Filter>{127a15f2-9acf-44dd-a1ba-a691f3c81ceb}</Filter>
    </Filter>
    <Filter Include="Day18">
      <Filter>{529eb9da-c799-4bed-b299-b6e39419b8f5}</Filter>
    </Filter>
    <Filter Include="Day19">
      <Filter>{13ca808b-2fa8-4957-b95c-b1d9d98a0329}</Filter>
    </Filter>
  </ItemGroup>
  <ItemGroup>
    <ClInclude Include="Solutions2023.h" />
    <ClInclude Include="Day01\Day01_Trebuchet.h">
      <Filter>Day01</Filter>
    </ClInclude>
    <ClInclude Include="Day02\Day02_CubeConundrum.h">
      <Filter>Day02</Filter>
    </ClInclude>
    <ClInclude Include="Day02\GameRecord.h">
      <Filter>Day02</Filter>
    </ClInclude>
    <ClInclude Include="Day02\CubeGameProcessor.h">
      <Filter>Day02</Filter>
    </ClInclude>
    <ClInclude Include="Day03\Day03_GearRatios.h">
      <Filter>Day03</Filter>
    </ClInclude>
    <ClInclude Include="Day03\PartNumber.h">
      <Filter>Day03</Filter>
    </ClInclude>
    <ClInclude Include="Day03\EngineSchematicsProcessor.h">
      <Filter>Day03</Filter>
    </ClInclude>
    <ClInclude Include="Day04\Day04_Scratchcards.h">
      <Filter>Day04</Filter>
    </ClInclude>
    <ClInclude Include="Day04\Scratchcard.h">
      <Filter>Day04</Filter>
    </ClInclude>
    <ClInclude Include="Day04\ScratchcardProcessor.h">
      <Filter>Day04</Filter>
    </ClInclude>
    <ClInclude Include="Day05\Day05_IfYouGiveASeedAFertilizer.h">
      <Filter>Day05</Filter>
    </ClInclude>
    <ClInclude Include="Day05\SeedMapping.h">
      <Filter>Day05</Filter>
    </ClInclude>
    <ClInclude Include="Day05\AlmanacProcessor.h">
      <Filter>Day05</Filter>
    </ClInclude>
    <ClInclude Include="Day05\SeedList.h">
      <Filter>Day05</Filter>
    </ClInclude>
    <ClInclude Include="Day06\Day06_WaitForIt.h">
      <Filter>Day06</Filter>
    </ClInclude>
    <ClInclude Include="Day06\RaceRecord.h">
      <Filter>Day06</Filter>
    </ClInclude>
    <ClInclude Include="Day06\RaceRecordsProcessor.h">
      <Filter>Day06</Filter>
    </ClInclude>
    <ClInclude Include="Day07\Day07_CamelCards.h">
      <Filter>Day07</Filter>
    </ClInclude>
    <ClInclude Include="Day07\PlayedCards.h">
      <Filter>Day07</Filter>
    </ClInclude>
    <ClInclude Include="Day07\CamelCardsProcessor.h">
      <Filter>Day07</Filter>
    </ClInclude>
    <ClInclude Include="Day08\Day08_HauntedWasteland.h">
      <Filter>Day08</Filter>
    </ClInclude>
    <ClInclude Include="Day08\NetworkNode.h">
      <Filter>Day08</Filter>
    </ClInclude>
    <ClInclude Include="Day08\NetworkProcessor.h">
      <Filter>Day08</Filter>
    </ClInclude>
    <ClInclude Include="Day09\Day09_MirageMaintenance.h">
      <Filter>Day09</Filter>
    </ClInclude>
    <ClInclude Include="Day09\ValueHistory.h">
      <Filter>Day09</Filter>
    </ClInclude>
    <ClInclude Include="Day09\ValueHistoryProcessor.h">
      <Filter>Day09</Filter>
    </ClInclude>
    <ClInclude Include="Day10\Day10_PipeMaze.h">
      <Filter>Day10</Filter>
    </ClInclude>
    <ClInclude Include="Day10\Pipe.h">
      <Filter>Day10</Filter>
    </ClInclude>
    <ClInclude Include="Day10\PipeMazeProcessor.h">
      <Filter>Day10</Filter>
    </ClInclude>
    <ClInclude Include="Day11\Day11_CosmicExpansion.h">
      <Filter>Day11</Filter>
    </ClInclude>
    <ClInclude Include="Day11\GalaxyMapProcessor.h">
      <Filter>Day11</Filter>
    </ClInclude>
    <ClInclude Include="Day11\SpaceExpansions.h">
      <Filter>Day11</Filter>
    </ClInclude>
    <ClInclude Include="Day12\Day12_HotSprings.h">
      <Filter>Day12</Filter>
    </ClInclude>
    <ClInclude Include="Day12\SpringReport.h">
      <Filter>Day12</Filter>
    </ClInclude>
    <ClInclude Include="Day12\SpringReportProcessor.h">
      <Filter>Day12</Filter>
    </ClInclude>
    <ClInclude Include="Day13\Day13_PointOfIncidence.h">
      <Filter>Day13</Filter>
    </ClInclude>
    <ClInclude Include="Day13\MirrorPattern.h">
      <Filter>Day13</Filter>
    </ClInclude>
    <ClInclude Include="Day13\MirrorPatternProcessor.h">
      <Filter>Day13</Filter>
    </ClInclude>
    <ClInclude Include="Day14\Day14_ParabolicReflectorDish.h">
      <Filter>Day14</Filter>
    </ClInclude>
    <ClInclude Include="Day14\Rock.h">
      <Filter>Day14</Filter>
    </ClInclude>
    <ClInclude Include="Day14\PlatformRocksProcessor.h">
      <Filter>Day14</Filter>
    </ClInclude>
    <ClInclude Include="Day14\Platform.h">
      <Filter>Day14</Filter>
    </ClInclude>
    <ClInclude Include="Day15\Day15_LensLibrary.h">
      <Filter>Day15</Filter>
    </ClInclude>
    <ClInclude Include="Day15\InitSequenceProcessor.h">
      <Filter>Day15</Filter>
    </ClInclude>
    <ClInclude Include="Day16\Day16_TheFloorWillBeLava.h">
      <Filter>Day16</Filter>
    </ClInclude>
    <ClInclude Include="Day16\Beam.h">
      <Filter>Day16</Filter>
    </ClInclude>
    <ClInclude Include="Day17\Day17_ClumsyCrucible.h">
      <Filter>Day17</Filter>
    </ClInclude>
    <ClInclude Include="Day18\Day18_LavaductLagoon.h">
      <Filter>Day18</Filter>
    </ClInclude>
    <ClInclude Include="Day18\DigPlan.h">
      <Filter>Day18</Filter>
    </ClInclude>
    <ClInclude Include="Day18\DigPlanProcessor.h">
      <Filter>Day18</Filter>
    </ClInclude>
    <ClInclude Include="Day19\Day19_Aplenty.h">
      <Filter>Day19</Filter>
    </ClInclude>
    <ClInclude Include="Day19\MachinePart.h">
      <Filter>Day19</Filter>
    </ClInclude>
    <ClInclude Include="Day19\WorkflowProcessor.h">
      <Filter>Day19</Filter>
    </ClInclude>
    <ClInclude Include="Day19\Workflows.h">
      <Filter>Day19</Filter>
    </ClInclude>
  </ItemGroup>
  <ItemGroup>
    <ClCompile Include="AdventOfCode2023.cpp" />
    <ClCompile Include="Day01\Day01_Trebuchet.cpp">
      <Filter>Day01</Filter>
    </ClCompile>
    <ClCompile Include="Day02\Day02_CubeConundrum.cpp">
      <Filter>Day02</Filter>
    </ClCompile>
    <ClCompile Include="Day02\CubeGameProcessor.cpp">
      <Filter>Day02</Filter>
    </ClCompile>
    <ClCompile Include="Day03\Day03_GearRatios.cpp">
      <Filter>Day03</Filter>
    </ClCompile>
    <ClCompile Include="Day03\EngineSchematicsProcessor.cpp">
      <Filter>Day03</Filter>
    </ClCompile>
    <ClCompile Include="Day04\Day04_Scratchcards.cpp">
      <Filter>Day04</Filter>
    </ClCompile>
    <ClCompile Include="Day04\ScratchcardProcessor.cpp">
      <Filter>Day04</Filter>
    </ClCompile>
    <ClCompile Include="Day05\Day05_IfYouGiveASeedAFertilizer.cpp">
      <Filter>Day05</Filter>
    </ClCompile>
    <ClCompile Include="Day05\AlmanacProcessor.cpp">
      <Filter>Day05</Filter>
    </ClCompile>
    <ClCompile Include="Day06\Day06_WaitForIt.cpp">
      <Filter>Day06</Filter>
    </ClCompile>
    <ClCompile Include="Day06\RaceRecordsProcessor.cpp">
      <Filter>Day06</Filter>
    </ClCompile>
    <ClCompile Include="Day07\Day07_CamelCards.cpp">
      <Filter>Day07</Filter>
    </ClCompile>
    <ClCompile Include="Day07\CamelCardsProcessor.cpp">
      <Filter>Day07</Filter>
    </ClCompile>
    <ClCompile Include="Day08\Day08_HauntedWasteland.cpp">
      <Filter>Day08</Filter>
    </ClCompile>
    <ClCompile Include="Day08\NetworkProcessor.cpp">
      <Filter>Day08</Filter>
    </ClCompile>
    <ClCompile Include="Day09\Day09_MirageMaintenance.cpp">
      <Filter>Day09</Filter>
    </ClCompile>
    <ClCompile Include="Day09\ValueHistoryProcessor.cpp">
      <Filter>Day09</Filter>
    </ClCompile>
    <ClCompile Include="Day10\Day10_PipeMaze.cpp">
      <Filter>Day10</Filter>
    </ClCompile>
    <ClCompile Include="Day10\PipeMazeProcessor.cpp">
      <Filter>Day10</Filter>
    </ClCompile>
    <ClCompile Include="Day11\Day11_CosmicExpansion.cpp">
      <Filter>Day11</Filter>
    </ClCompile>
    <ClCompile Include="Day11\GalaxyMapProcessor.cpp">
      <Filter>Day11</Filter>
    </ClCompile>
    <ClCompile Include="Day12\Day12_HotSprings.cpp">
      <Filter>Day12</Filter>
    </ClCompile>
    <ClCompile Include="Day12\SpringReportProcessor.cpp">
      <Filter>Day12</Filter>
    </ClCompile>
    <ClCompile Include="Day13\Day13_PointOfIncidence.cpp">
      <Filter>Day13</Filter>
    </ClCompile>
    <ClCompile Include="Day13\MirrorPatternProcessor.cpp">
      <Filter>Day13</Filter>
    </ClCompile>
    <ClCompile Include="Day14\Day14_ParabolicReflectorDish.cpp">
      <Filter>Day14</Filter>
    </ClCompile>
    <ClCompile Include="Day14\PlatformRocksProcessor.cpp">
      <Filter>Day14</Filter>
    </ClCompile>
    <ClCompile Include="Day15\Day15_LensLibrary.cpp">
      <Filter>Day15</Filter>
    </ClCompile>
    <ClCompile Include="Day15\InitSequenceProcessor.cpp">
      <Filter>Day15</Filter>
    </ClCompile>
    <ClCompile Include="Day16\Day16_TheFloorWillBeLava.cpp">
      <Filter>Day16</Filter>
    </ClCompile>
    <ClCompile Include="Day17\Day17_ClumsyCrucible.cpp">
      <Filter>Day17</Filter>
    </ClCompile>
    <ClCompile Include="Day18\Day18_LavaductLagoon.cpp">
      <Filter>Day18</Filter>
    </ClCompile>
    <ClCompile Include="Day18\DigPlanProcessor.cpp">
      <Filter>Day18</Filter>
    </ClCompile>
    <ClCompile Include="Day19\Day19_Aplenty.cpp">
      <Filter>Day19</Filter>
    </ClCompile>
    <ClCompile Include="Day19\WorkflowProcessor.cpp">
      <Filter>Day19</Filter>
    </ClCompile>
  </ItemGroup>
</Project>