<?xml version="1.0" encoding="utf-8"?>
<Project ToolsVersion="4.0" xmlns="http://schemas.microsoft.com/developer/msbuild/2003">
  <ItemGroup>
    <Filter Include="Resource Files">
      <UniqueIdentifier>{67DA6AB6-F800-4c08-8B7A-83BB121AAD01}</UniqueIdentifier>
      <Extensions>rc;ico;cur;bmp;dlg;rc2;rct;bin;rgs;gif;jpg;jpeg;jpe;resx;tiff;tif;png;wav;mfcribbon-ms</Extensions>
    </Filter>
    <Filter Include="Day01">
      <Filter>{008ff6e8-48f7-4cb8-9775-9655e3628783}</Filter>
    </Filter>
    <Filter Include="Day02">
      <Filter>{d43b570d-8f7a-44a0-affb-35bd40d02f64}</Filter>
    </Filter>
    <Filter Include="Day03">
      <Filter>{1dd3b8be-86e9-43c0-b36d-6faada331d6e}</Filter>
    </Filter>
    <Filter Include="Day04">
      <Filter>{366b5f0f-c48a-4de7-a65c-2046158ab6d6}</Filter>
    </Filter>
    <Filter Include="Day05">
      <Filter>{d1ff39d2-006b-46ac-8428-6b53f2d0b91e}</Filter>
    </Filter>
    <Filter Include="Day06">
      <Filter>{55f22395-c8d0-4365-a153-dc6a46e72de1}</Filter>
    </Filter>
    <Filter Include="Day07">
      <Filter>{95b50756-1eb9-4534-a87d-1ea6c8730ea8}</Filter>
    </Filter>
    <Filter Include="Day08">
      <Filter>{8138b09b-632b-4d52-ace2-91578c2ec01b}</Filter>
    </Filter>
    <Filter Include="Day09">
      <Filter>{d8d6ffad-7e46-4598-9705-fd5a22cad64c}</Filter>
    </Filter>
    <Filter Include="Day10">
      <Filter>{fd580840-690d-4c94-9f2a-23bc9974f887}</Filter>
    </Filter>
    <Filter Include="Day11">
      <Filter>{5a0062b4-aec9-4069-becd-db04a422768f}</Filter>
    </Filter>
    <Filter Include="Day12">
      <Filter>{e0d9240f-a528-4abe-a9e9-c7152bcc40bd}</Filter>
    </Filter>
  </ItemGroup>
  <ItemGroup>
    <ClInclude Include="Solutions2024.h" />
    <ClInclude Include="Day01\Day01_HistorianHysteria.h">
      <Filter>Day01</Filter>
    </ClInclude>
    <ClInclude Include="Day01\LocationsListProcessor.h">
      <Filter>Day01</Filter>
    </ClInclude>
    <ClInclude Include="Day02\Day02_RedNosedReports.h">
      <Filter>Day02</Filter>
    </ClInclude>
    <ClInclude Include="Day02\ReportsProcessor.h">
      <Filter>Day02</Filter>
    </ClInclude>
    <ClInclude Include="Day03\Day03_MullItOver.h">
      <Filter>Day03</Filter>
    </ClInclude>
    <ClInclude Include="Day04\Day04_CeresSearch.h">
      <Filter>Day04</Filter>
    </ClInclude>
    <ClInclude Include="Day05\Day05_PrintQueue.h">
      <Filter>Day05</Filter>
    </ClInclude>
    <ClInclude Include="Day05\PrintingRulesProcessor.h">
      <Filter>Day05</Filter>
    </ClInclude>
    <ClInclude Include="Day06\Day06_GuardGallivant.h">
      <Filter>Day06</Filter>
    </ClInclude>
    <ClInclude Include="Day06\Guard.h">
      <Filter>Day06</Filter>
    </ClInclude>
    <ClInclude Include="Day07\Day07_BridgeRepair.h">
      <Filter>Day07</Filter>
    </ClInclude>
    <ClInclude Include="Day07\Calibration.h">
      <Filter>Day07</Filter>
    </ClInclude>
    <ClInclude Include="Day07\BridgeCalibrationsProcessor.h">
      <Filter>Day07</Filter>
    </ClInclude>
    <ClInclude Include="Day08\Day08_ResonantCollinearity.h">
      <Filter>Day08</Filter>
    </ClInclude>
    <ClInclude Include="Day09\Day09_DiskFragmenter.h">
      <Filter>Day09</Filter>
    </ClInclude>
    <ClInclude Include="Day10\Day10_HoofIt.h">
      <Filter>Day10</Filter>
    </ClInclude>
    <ClInclude Include="Day11\Day11_PlutonianPebbles.h">
      <Filter>Day11</Filter>
    </ClInclude>
    <ClInclude Include="Day12\Day12_GardenGroups.h">
      <Filter>Day12</Filter>
    </ClInclude>
  </ItemGroup>
  <ItemGroup>
    <ClCompile Include="Day01\Day01_HistorianHysteria.cpp">
      <Filter>Day01</Filter>
    </ClCompile>
    <ClCompile Include="Day01\LocationsListProcessor.cpp">
      <Filter>Day01</Filter>
    </ClCompile>
    <ClCompile Include="Day02\Day02_RedNosedReports.cpp">
      <Filter>Day02</Filter>
    </ClCompile>
    <ClCompile Include="Day02\ReportsProcessor.cpp">
      <Filter>Day02</Filter>
    </ClCompile>
    <ClCompile Include="Day03\Day03_MullItOver.cpp">
      <Filter>Day03</Filter>
    </ClCompile>
    <ClCompile Include="Day04\Day04_CeresSearch.cpp">
      <Filter>Day04</Filter>
    </ClCompile>
    <ClCompile Include="Day05\Day05_PrintQueue.cpp">
      <Filter>Day05</Filter>
    </ClCompile>
    <ClCompile Include="Day05\PrintingRulesProcessor.cpp">
      <Filter>Day05</Filter>
    </ClCompile>
    <ClCompile Include="Day06\Day06_GuardGallivant.cpp">
      <Filter>Day06</Filter>
    </ClCompile>
    <ClCompile Include="Day07\Day07_BridgeRepair.cpp">
      <Filter>Day07</Filter>
    </ClCompile>
    <ClCompile Include="Day07\BridgeCalibrationsProcessor.cpp">
      <Filter>Day07</Filter>
    </ClCompile>
    <ClCompile Include="Day08\Day08_ResonantCollinearity.cpp">
      <Filter>Day08</Filter>
    </ClCompile>
    <ClCompile Include="Day09\Day09_DiskFragmenter.cpp">
      <Filter>Day09</Filter>
    </ClCompile>
    <ClCompile Include="Day10\Day10_HoofIt.cpp">
      <Filter>Day10</Filter>
    </ClCompile>
    <ClCompile Include="Day11\Day11_PlutonianPebbles.cpp">
      <Filter>Day11</Filter>
    </ClCompile>
    <ClCompile Include="Day12\Day12_GardenGroups.cpp">
      <Filter>Day12</Filter>
    </ClCompile>
  </ItemGroup>
</Project>