<?xml version="1.0" encoding="utf-8"?>
<Project ToolsVersion="4.0" xmlns="http://schemas.microsoft.com/developer/msbuild/2003">
  <ItemGroup>
    <Filter Include="Resource Files">
      <UniqueIdentifier>{67DA6AB6-F800-4c08-8B7A-83BB121AAD01}</UniqueIdentifier>
      <Extensions>rc;ico;cur;bmp;dlg;rc2;rct;bin;rgs;gif;jpg;jpeg;jpe;resx;tiff;tif;png;wav;mfcribbon-ms</Extensions>
    </Filter>
    <Filter Include="Day01">
      <Filter>{008ff6e8-48f7-4cb8-9775-9655e3628783}</Filter>
    </Filter>
    <Filter Include="Day02">
      <Filter>{d43b570d-8f7a-44a0-affb-35bd40d02f64}</Filter>
    </Filter>
    <Filter Include="Day03">
      <Filter>{1dd3b8be-86e9-43c0-b36d-6faada331d6e}</Filter>
    </Filter>
    <Filter Include="Day04">
      <Filter>{366b5f0f-c48a-4de7-a65c-2046158ab6d6}</Filter>
    </Filter>
    <Filter Include="Day05">
      <Filter>{d1ff39d2-006b-46ac-8428-6b53f2d0b91e}</Filter>
    </Filter>
    <Filter Include="Day06">
      <Filter>{55f22395-c8d0-4365-a153-dc6a46e72de1}</Filter>
    </Filter>
    <Filter Include="Day07">
      <Filter>{95b50756-1eb9-4534-a87d-1ea6c8730ea8}</Filter>
    </Filter>
    <Filter Include="Day08">
      <Filter>{8138b09b-632b-4d52-ace2-91578c2ec01b}</Filter>
    </Filter>
    <Filter Include="Day09">
      <Filter>{d8d6ffad-7e46-4598-9705-fd5a22cad64c}</Filter>
    </Filter>
    <Filter Include="Day10">
      <Filter>{fd580840-690d-4c94-9f2a-23bc9974f887}</Filter>
    </Filter>
    <Filter Include="Day11">
      <Filter>{5a0062b4-aec9-4069-becd-db04a422768f}</Filter>
    </Filter>
    <Filter Include="Day12">
      <Filter>{e0d9240f-a528-4abe-a9e9-c7152bcc40bd}</Filter>
    </Filter>
    <Filter Include="Day13">
      <Filter>{466daa63-35b5-4328-b14d-750aa743f14c}</Filter>
    </Filter>
    <Filter Include="Day14">
      <Filter>{03db4e75-5657-4520-9b54-a33504f67d2a}</Filter>
    </Filter>
    <Filter Include="Day15">
      <Filter>{f1fb546e-74e1-4ce8-9c22-a7dd1207dc94}</Filter>
    </Filter>
    <Filter Include="Day16">
      <Filter>{db413b4f-fde8-4571-a0b0-4eafd7272552}</Filter>
    </Filter>
    <Filter Include="Day17">
      <Filter>{9956a153-1997-4e88-bcfd-0645ee85bd82}</Filter>
    </Filter>
    <Filter Include="Day18">
      <Filter>{e01529dd-5b4d-46f7-9bdf-e6bc446843fa}</Filter>
    </Filter>
    <Filter Include="Day19">
      <Filter>{2fc61f11-3d98-4097-9b78-dd597bbac75a}</Filter>
    </Filter>
    <Filter Include="Day20">
      <Filter>{ab0b515a-dfe4-4db6-adeb-33832f378df5}</Filter>
    </Filter>
    <Filter Include="Day21">
      <Filter>{3d83a498-4b4c-41b1-8a53-f7b7c1d08c8a}</Filter>
    </Filter>
    <Filter Include="Day22">
      <Filter>{49e3a89e-806d-4bd2-9ac4-d0141eb71da5}</Filter>
    </Filter>
    <Filter Include="Day23">
      <Filter>{9c1e6bdf-4e88-48c3-9419-f8f4e876f74a}</Filter>
    </Filter>
    <Filter Include="Day24">
      <Filter>{22f41b59-a942-44f8-9272-598863db10b1}</Filter>
    </Filter>
  </ItemGroup>
  <ItemGroup>
    <ClInclude Include="Solutions2024.h" />
    <ClInclude Include="Day01\Day01_HistorianHysteria.h">
      <Filter>Day01</Filter>
    </ClInclude>
    <ClInclude Include="Day01\LocationsListProcessor.h">
      <Filter>Day01</Filter>
    </ClInclude>
    <ClInclude Include="Day02\Day02_RedNosedReports.h">
      <Filter>Day02</Filter>
    </ClInclude>
    <ClInclude Include="Day02\ReportsProcessor.h">
      <Filter>Day02</Filter>
    </ClInclude>
    <ClInclude Include="Day03\Day03_MullItOver.h">
      <Filter>Day03</Filter>
    </ClInclude>
    <ClInclude Include="Day04\Day04_CeresSearch.h">
      <Filter>Day04</Filter>
    </ClInclude>
    <ClInclude Include="Day05\Day05_PrintQueue.h">
      <Filter>Day05</Filter>
    </ClInclude>
    <ClInclude Include="Day05\PrintingRulesProcessor.h">
      <Filter>Day05</Filter>
    </ClInclude>
    <ClInclude Include="Day06\Day06_GuardGallivant.h">
      <Filter>Day06</Filter>
    </ClInclude>
    <ClInclude Include="Day06\Guard.h">
      <Filter>Day06</Filter>
    </ClInclude>
    <ClInclude Include="Day07\Day07_BridgeRepair.h">
      <Filter>Day07</Filter>
    </ClInclude>
    <ClInclude Include="Day07\Calibration.h">
      <Filter>Day07</Filter>
    </ClInclude>
    <ClInclude Include="Day07\BridgeCalibrationsProcessor.h">
      <Filter>Day07</Filter>
    </ClInclude>
    <ClInclude Include="Day08\Day08_ResonantCollinearity.h">
      <Filter>Day08</Filter>
    </ClInclude>
    <ClInclude Include="Day09\Day09_DiskFragmenter.h">
      <Filter>Day09</Filter>
    </ClInclude>
    <ClInclude Include="Day10\Day10_HoofIt.h">
      <Filter>Day10</Filter>
    </ClInclude>
    <ClInclude Include="Day11\Day11_PlutonianPebbles.h">
      <Filter>Day11</Filter>
    </ClInclude>
    <ClInclude Include="Day12\Day12_GardenGroups.h">
      <Filter>Day12</Filter>
    </ClInclude>
    <ClInclude Include="Day13\Day13_ClawContraption.h">
      <Filter>Day13</Filter>
    </ClInclude>
    <ClInclude Include="Day13\ClawMachine.h">
      <Filter>Day13</Filter>
    </ClInclude>
    <ClInclude Include="Day13\ClawMachineProcessor.h">
      <Filter>Day13</Filter>
    </ClInclude>
    <ClInclude Include="Day14\Day14_RestroomRedoubt.h">
      <Filter>Day14</Filter>
    </ClInclude>
    <ClInclude Include="Day14\Robot.h">
      <Filter>Day14</Filter>
    </ClInclude>
    <ClInclude Include="Day14\RobotProcessor.h">
      <Filter>Day14</Filter>
    </ClInclude>
    <ClInclude Include="Day15\Day15_WarehouseWoes.h">
      <Filter>Day15</Filter>
    </ClInclude>
    <ClInclude Include="Day15\WarehouseProcessor.h">
      <Filter>Day15</Filter>
    </ClInclude>
    <ClInclude Include="Day16\Day16_ReindeerMaze.h">
      <Filter>Day16</Filter>
    </ClInclude>
    <ClInclude Include="Day17\Day17_ChronospatialComputer.h">
      <Filter>Day17</Filter>
    </ClInclude>
    <ClInclude Include="Day17\DebugInfoProcessor.h">
      <Filter>Day17</Filter>
    </ClInclude>
    <ClInclude Include="Day17\Registers.h">
      <Filter>Day17</Filter>
    </ClInclude>
    <ClInclude Include="Day17\OpCode.h">
      <Filter>Day17</Filter>
    </ClInclude>
    <ClInclude Include="Day18\Day18_RAMRun.h">
      <Filter>Day18</Filter>
    </ClInclude>
    <ClInclude Include="Day18\ByteProcessor.h">
      <Filter>Day18</Filter>
    </ClInclude>
    <ClInclude Include="Day19\Day19_LinenLayout.h">
      <Filter>Day19</Filter>
    </ClInclude>
    <ClInclude Include="Day19\TowelPatternProcessor.h">
      <Filter>Day19</Filter>
    </ClInclude>
    <ClInclude Include="Day19\TowelPatterns.h">
      <Filter>Day19</Filter>
    </ClInclude>
    <ClInclude Include="Day20\Day20_RaceCondition.h">
      <Filter>Day20</Filter>
    </ClInclude>
    <ClInclude Include="Day21\Day21_KeypadConundrum.h">
      <Filter>Day21</Filter>
    </ClInclude>
    <ClInclude Include="Day22\Day22_MonkeyMarket.h">
      <Filter>Day22</Filter>
    </ClInclude>
    <ClInclude Include="Day23\Day23_LANParty.h">
      <Filter>Day23</Filter>
    </ClInclude>
    <ClInclude Include="Day23\Connection.h">
      <Filter>Day23</Filter>
    </ClInclude>
    <ClInclude Include="Day23\ConnectionProcessor.h">
      <Filter>Day23</Filter>
    </ClInclude>
    <ClInclude Include="Day24\Day24_CrossedWires.h">
      <Filter>Day24</Filter>
    </ClInclude>
    <ClInclude Include="Day24\LogicGate.h">
      <Filter>Day24</Filter>
    </ClInclude>
    <ClInclude Include="Day24\LogicGateProcessor.h">
      <Filter>Day24</Filter>
    </ClInclude>
  </ItemGroup>
  <ItemGroup>
    <ClCompile Include="Day01\Day01_HistorianHysteria.cpp">
      <Filter>Day01</Filter>
    </ClCompile>
    <ClCompile Include="Day01\LocationsListProcessor.cpp">
      <Filter>Day01</Filter>
    </ClCompile>
    <ClCompile Include="Day02\Day02_RedNosedReports.cpp">
      <Filter>Day02</Filter>
    </ClCompile>
    <ClCompile Include="Day02\ReportsProcessor.cpp">
      <Filter>Day02</Filter>
    </ClCompile>
    <ClCompile Include="Day03\Day03_MullItOver.cpp">
      <Filter>Day03</Filter>
    </ClCompile>
    <ClCompile Include="Day04\Day04_CeresSearch.cpp">
      <Filter>Day04</Filter>
    </ClCompile>
    <ClCompile Include="Day05\Day05_PrintQueue.cpp">
      <Filter>Day05</Filter>
    </ClCompile>
    <ClCompile Include="Day05\PrintingRulesProcessor.cpp">
      <Filter>Day05</Filter>
    </ClCompile>
    <ClCompile Include="Day06\Day06_GuardGallivant.cpp">
      <Filter>Day06</Filter>
    </ClCompile>
    <ClCompile Include="Day07\Day07_BridgeRepair.cpp">
      <Filter>Day07</Filter>
    </ClCompile>
    <ClCompile Include="Day07\BridgeCalibrationsProcessor.cpp">
      <Filter>Day07</Filter>
    </ClCompile>
    <ClCompile Include="Day08\Day08_ResonantCollinearity.cpp">
      <Filter>Day08</Filter>
    </ClCompile>
    <ClCompile Include="Day09\Day09_DiskFragmenter.cpp">
      <Filter>Day09</Filter>
    </ClCompile>
    <ClCompile Include="Day10\Day10_HoofIt.cpp">
      <Filter>Day10</Filter>
    </ClCompile>
    <ClCompile Include="Day11\Day11_PlutonianPebbles.cpp">
      <Filter>Day11</Filter>
    </ClCompile>
    <ClCompile Include="Day12\Day12_GardenGroups.cpp">
      <Filter>Day12</Filter>
    </ClCompile>
    <ClCompile Include="Day13\Day13_ClawContraption.cpp">
      <Filter>Day13</Filter>
    </ClCompile>
    <ClCompile Include="Day13\ClawMachineProcessor.cpp">
      <Filter>Day13</Filter>
    </ClCompile>
    <ClCompile Include="Day14\Day14_RestroomRedoubt.cpp">
      <Filter>Day14</Filter>
    </ClCompile>
    <ClCompile Include="Day14\RobotProcessor.cpp">
      <Filter>Day14</Filter>
    </ClCompile>
    <ClCompile Include="Day15\Day15_WarehouseWoes.cpp">
      <Filter>Day15</Filter>
    </ClCompile>
    <ClCompile Include="Day15\WarehouseProcessor.cpp">
      <Filter>Day15</Filter>
    </ClCompile>
    <ClCompile Include="Day16\Day16_ReindeerMaze.cpp">
      <Filter>Day16</Filter>
    </ClCompile>
    <ClCompile Include="Day17\Day17_ChronospatialComputer.cpp">
      <Filter>Day17</Filter>
    </ClCompile>
    <ClCompile Include="Day17\DebugInfoProcessor.cpp">
      <Filter>Day17</Filter>
    </ClCompile>
    <ClCompile Include="Day18\Day18_RAMRun.cpp">
      <Filter>Day18</Filter>
    </ClCompile>
    <ClCompile Include="Day18\ByteProcessor.cpp">
      <Filter>Day18</Filter>
    </ClCompile>
    <ClCompile Include="Day19\Day19_LinenLayout.cpp">
      <Filter>Day19</Filter>
    </ClCompile>
    <ClCompile Include="Day19\TowelPatternProcessor.cpp">
      <Filter>Day19</Filter>
    </ClCompile>
    <ClCompile Include="Day20\Day20_RaceCondition.cpp">
      <Filter>Day20</Filter>
    </ClCompile>
    <ClCompile Include="Day21\Day21_KeypadConundrum.cpp">
      <Filter>Day21</Filter>
    </ClCompile>
    <ClCompile Include="Day22\Day22_MonkeyMarket.cpp">
      <Filter>Day22</Filter>
    </ClCompile>
    <ClCompile Include="Day23\Day23_LANParty.cpp">
      <Filter>Day23</Filter>
    </ClCompile>
    <ClCompile Include="Day23\ConnectionProcessor.cpp">
      <Filter>Day23</Filter>
    </ClCompile>
    <ClCompile Include="Day24\Day24_CrossedWires.cpp">
      <Filter>Day24</Filter>
    </ClCompile>
    <ClCompile Include="Day24\LogicGateProcessor.cpp">
      <Filter>Day24</Filter>
    </ClCompile>
  </ItemGroup>
</Project>